// !$*UTF8*$!
{
	archiveVersion = 1;
	classes = {
	};
	objectVersion = 55;
	objects = {

/* Begin PBXBuildFile section */
		B807EB712728300F00E32A2D /* HackYouApp.swift in Sources */ = {isa = PBXBuildFile; fileRef = B807EB702728300F00E32A2D /* HackYouApp.swift */; };
		B807EB732728300F00E32A2D /* ContentView.swift in Sources */ = {isa = PBXBuildFile; fileRef = B807EB722728300F00E32A2D /* ContentView.swift */; };
		B807EB752728301100E32A2D /* Assets.xcassets in Resources */ = {isa = PBXBuildFile; fileRef = B807EB742728301100E32A2D /* Assets.xcassets */; };
		B807EB782728301100E32A2D /* Preview Assets.xcassets in Resources */ = {isa = PBXBuildFile; fileRef = B807EB772728301100E32A2D /* Preview Assets.xcassets */; };
		B807EB802728321E00E32A2D /* NetworkManager.swift in Sources */ = {isa = PBXBuildFile; fileRef = B807EB7F2728321E00E32A2D /* NetworkManager.swift */; };
		B807EB822728348000E32A2D /* Results.swift in Sources */ = {isa = PBXBuildFile; fileRef = B807EB812728348000E32A2D /* Results.swift */; };
		B82F4477272952CD00C553AB /* DetailView.swift in Sources */ = {isa = PBXBuildFile; fileRef = B82F4476272952CD00C553AB /* DetailView.swift */; };
		B82F4479272956B300C553AB /* WebView.swift in Sources */ = {isa = PBXBuildFile; fileRef = B82F4478272956B300C553AB /* WebView.swift */; };
/* End PBXBuildFile section */

/* Begin PBXFileReference section */
		B807EB6D2728300F00E32A2D /* HackYou.app */ = {isa = PBXFileReference; explicitFileType = wrapper.application; includeInIndex = 0; path = HackYou.app; sourceTree = BUILT_PRODUCTS_DIR; };
		B807EB702728300F00E32A2D /* HackYouApp.swift */ = {isa = PBXFileReference; lastKnownFileType = sourcecode.swift; path = HackYouApp.swift; sourceTree = "<group>"; };
		B807EB722728300F00E32A2D /* ContentView.swift */ = {isa = PBXFileReference; lastKnownFileType = sourcecode.swift; path = ContentView.swift; sourceTree = "<group>"; };
		B807EB742728301100E32A2D /* Assets.xcassets */ = {isa = PBXFileReference; lastKnownFileType = folder.assetcatalog; path = Assets.xcassets; sourceTree = "<group>"; };
		B807EB772728301100E32A2D /* Preview Assets.xcassets */ = {isa = PBXFileReference; lastKnownFileType = folder.assetcatalog; path = "Preview Assets.xcassets"; sourceTree = "<group>"; };
		B807EB7F2728321E00E32A2D /* NetworkManager.swift */ = {isa = PBXFileReference; lastKnownFileType = sourcecode.swift; path = NetworkManager.swift; sourceTree = "<group>"; };
		B807EB812728348000E32A2D /* Results.swift */ = {isa = PBXFileReference; lastKnownFileType = sourcecode.swift; path = Results.swift; sourceTree = "<group>"; };
		B82F4476272952CD00C553AB /* DetailView.swift */ = {isa = PBXFileReference; lastKnownFileType = sourcecode.swift; path = DetailView.swift; sourceTree = "<group>"; };
		B82F4478272956B300C553AB /* WebView.swift */ = {isa = PBXFileReference; lastKnownFileType = sourcecode.swift; path = WebView.swift; sourceTree = "<group>"; };
		B82F447A272957CB00C553AB /* HackYou.entitlements */ = {isa = PBXFileReference; lastKnownFileType = text.plist.entitlements; path = HackYou.entitlements; sourceTree = "<group>"; };
/* End PBXFileReference section */

/* Begin PBXFrameworksBuildPhase section */
		B807EB6A2728300F00E32A2D /* Frameworks */ = {
			isa = PBXFrameworksBuildPhase;
			buildActionMask = 2147483647;
			files = (
			);
			runOnlyForDeploymentPostprocessing = 0;
		};
/* End PBXFrameworksBuildPhase section */

/* Begin PBXGroup section */
		B807EB642728300F00E32A2D = {
			isa = PBXGroup;
			children = (
				B807EB6F2728300F00E32A2D /* HackYou */,
				B807EB6E2728300F00E32A2D /* Products */,
			);
			sourceTree = "<group>";
		};
		B807EB6E2728300F00E32A2D /* Products */ = {
			isa = PBXGroup;
			children = (
				B807EB6D2728300F00E32A2D /* HackYou.app */,
			);
			name = Products;
			sourceTree = "<group>";
		};
		B807EB6F2728300F00E32A2D /* HackYou */ = {
			isa = PBXGroup;
			children = (
				B82F447A272957CB00C553AB /* HackYou.entitlements */,
				B807EB7E2728320400E32A2D /* Model */,
				B807EB702728300F00E32A2D /* HackYouApp.swift */,
				B82F4475272952B900C553AB /* View */,
				B807EB742728301100E32A2D /* Assets.xcassets */,
				B807EB762728301100E32A2D /* Preview Content */,
			);
			path = HackYou;
			sourceTree = "<group>";
		};
		B807EB762728301100E32A2D /* Preview Content */ = {
			isa = PBXGroup;
			children = (
				B807EB772728301100E32A2D /* Preview Assets.xcassets */,
			);
			path = "Preview Content";
			sourceTree = "<group>";
		};
		B807EB7E2728320400E32A2D /* Model */ = {
			isa = PBXGroup;
			children = (
				B807EB7F2728321E00E32A2D /* NetworkManager.swift */,
				B807EB812728348000E32A2D /* Results.swift */,
			);
			path = Model;
			sourceTree = "<group>";
		};
		B82F4475272952B900C553AB /* View */ = {
			isa = PBXGroup;
			children = (
				B807EB722728300F00E32A2D /* ContentView.swift */,
				B82F4476272952CD00C553AB /* DetailView.swift */,
				B82F4478272956B300C553AB /* WebView.swift */,
			);
			path = View;
			sourceTree = "<group>";
		};
/* End PBXGroup section */

/* Begin PBXNativeTarget section */
		B807EB6C2728300F00E32A2D /* HackYou */ = {
			isa = PBXNativeTarget;
			buildConfigurationList = B807EB7B2728301100E32A2D /* Build configuration list for PBXNativeTarget "HackYou" */;
			buildPhases = (
				B807EB692728300F00E32A2D /* Sources */,
				B807EB6A2728300F00E32A2D /* Frameworks */,
				B807EB6B2728300F00E32A2D /* Resources */,
			);
			buildRules = (
			);
			dependencies = (
			);
			name = HackYou;
			productName = HackYou;
			productReference = B807EB6D2728300F00E32A2D /* HackYou.app */;
			productType = "com.apple.product-type.application";
		};
/* End PBXNativeTarget section */

/* Begin PBXProject section */
		B807EB652728300F00E32A2D /* Project object */ = {
			isa = PBXProject;
			attributes = {
				BuildIndependentTargetsInParallel = 1;
				LastSwiftUpdateCheck = 1300;
				LastUpgradeCheck = 1300;
				TargetAttributes = {
					B807EB6C2728300F00E32A2D = {
						CreatedOnToolsVersion = 13.0;
					};
				};
			};
			buildConfigurationList = B807EB682728300F00E32A2D /* Build configuration list for PBXProject "HackYou" */;
			compatibilityVersion = "Xcode 13.0";
			developmentRegion = en;
			hasScannedForEncodings = 0;
			knownRegions = (
				en,
				Base,
			);
			mainGroup = B807EB642728300F00E32A2D;
			productRefGroup = B807EB6E2728300F00E32A2D /* Products */;
			projectDirPath = "";
			projectRoot = "";
			targets = (
				B807EB6C2728300F00E32A2D /* HackYou */,
			);
		};
/* End PBXProject section */

/* Begin PBXResourcesBuildPhase section */
		B807EB6B2728300F00E32A2D /* Resources */ = {
			isa = PBXResourcesBuildPhase;
			buildActionMask = 2147483647;
			files = (
				B807EB782728301100E32A2D /* Preview Assets.xcassets in Resources */,
				B807EB752728301100E32A2D /* Assets.xcassets in Resources */,
			);
			runOnlyForDeploymentPostprocessing = 0;
		};
/* End PBXResourcesBuildPhase section */

/* Begin PBXSourcesBuildPhase section */
		B807EB692728300F00E32A2D /* Sources */ = {
			isa = PBXSourcesBuildPhase;
			buildActionMask = 2147483647;
			files = (
				B807EB802728321E00E32A2D /* NetworkManager.swift in Sources */,
				B807EB732728300F00E32A2D /* ContentView.swift in Sources */,
				B807EB822728348000E32A2D /* Results.swift in Sources */,
				B82F4479272956B300C553AB /* WebView.swift in Sources */,
				B82F4477272952CD00C553AB /* DetailView.swift in Sources */,
				B807EB712728300F00E32A2D /* HackYouApp.swift in Sources */,
			);
			runOnlyForDeploymentPostprocessing = 0;
		};
/* End PBXSourcesBuildPhase section */

/* Begin XCBuildConfiguration section */
		B807EB792728301100E32A2D /* Debug */ = {
			isa = XCBuildConfiguration;
			buildSettings = {
				ALWAYS_SEARCH_USER_PATHS = NO;
				CLANG_ANALYZER_NONNULL = YES;
				CLANG_ANALYZER_NUMBER_OBJECT_CONVERSION = YES_AGGRESSIVE;
				CLANG_CXX_LANGUAGE_STANDARD = "gnu++17";
				CLANG_CXX_LIBRARY = "libc++";
				CLANG_ENABLE_MODULES = YES;
				CLANG_ENABLE_OBJC_ARC = YES;
				CLANG_ENABLE_OBJC_WEAK = YES;
				CLANG_WARN_BLOCK_CAPTURE_AUTORELEASING = YES;
				CLANG_WARN_BOOL_CONVERSION = YES;
				CLANG_WARN_COMMA = YES;
				CLANG_WARN_CONSTANT_CONVERSION = YES;
				CLANG_WARN_DEPRECATED_OBJC_IMPLEMENTATIONS = YES;
				CLANG_WARN_DIRECT_OBJC_ISA_USAGE = YES_ERROR;
				CLANG_WARN_DOCUMENTATION_COMMENTS = YES;
				CLANG_WARN_EMPTY_BODY = YES;
				CLANG_WARN_ENUM_CONVERSION = YES;
				CLANG_WARN_INFINITE_RECURSION = YES;
				CLANG_WARN_INT_CONVERSION = YES;
				CLANG_WARN_NON_LITERAL_NULL_CONVERSION = YES;
				CLANG_WARN_OBJC_IMPLICIT_RETAIN_SELF = YES;
				CLANG_WARN_OBJC_LITERAL_CONVERSION = YES;
				CLANG_WARN_OBJC_ROOT_CLASS = YES_ERROR;
				CLANG_WARN_QUOTED_INCLUDE_IN_FRAMEWORK_HEADER = YES;
				CLANG_WARN_RANGE_LOOP_ANALYSIS = YES;
				CLANG_WARN_STRICT_PROTOTYPES = YES;
				CLANG_WARN_SUSPICIOUS_MOVE = YES;
				CLANG_WARN_UNGUARDED_AVAILABILITY = YES_AGGRESSIVE;
				CLANG_WARN_UNREACHABLE_CODE = YES;
				CLANG_WARN__DUPLICATE_METHOD_MATCH = YES;
				COPY_PHASE_STRIP = NO;
				DEBUG_INFORMATION_FORMAT = dwarf;
				ENABLE_STRICT_OBJC_MSGSEND = YES;
				ENABLE_TESTABILITY = YES;
				GCC_C_LANGUAGE_STANDARD = gnu11;
				GCC_DYNAMIC_NO_PIC = NO;
				GCC_NO_COMMON_BLOCKS = YES;
				GCC_OPTIMIZATION_LEVEL = 0;
				GCC_PREPROCESSOR_DEFINITIONS = (
					"DEBUG=1",
					"$(inherited)",
				);
				GCC_WARN_64_TO_32_BIT_CONVERSION = YES;
				GCC_WARN_ABOUT_RETURN_TYPE = YES_ERROR;
				GCC_WARN_UNDECLARED_SELECTOR = YES;
				GCC_WARN_UNINITIALIZED_AUTOS = YES_AGGRESSIVE;
				GCC_WARN_UNUSED_FUNCTION = YES;
				GCC_WARN_UNUSED_VARIABLE = YES;
				IPHONEOS_DEPLOYMENT_TARGET = 15.0;
				MTL_ENABLE_DEBUG_INFO = INCLUDE_SOURCE;
				MTL_FAST_MATH = YES;
				ONLY_ACTIVE_ARCH = YES;
				SDKROOT = iphoneos;
				SWIFT_ACTIVE_COMPILATION_CONDITIONS = DEBUG;
				SWIFT_OPTIMIZATION_LEVEL = "-Onone";
			};
			name = Debug;
		};
		B807EB7A2728301100E32A2D /* Release */ = {
			isa = XCBuildConfiguration;
			buildSettings = {
				ALWAYS_SEARCH_USER_PATHS = NO;
				CLANG_ANALYZER_NONNULL = YES;
				CLANG_ANALYZER_NUMBER_OBJECT_CONVERSION = YES_AGGRESSIVE;
				CLANG_CXX_LANGUAGE_STANDARD = "gnu++17";
				CLANG_CXX_LIBRARY = "libc++";
				CLANG_ENABLE_MODULES = YES;
				CLANG_ENABLE_OBJC_ARC = YES;
				CLANG_ENABLE_OBJC_WEAK = YES;
				CLANG_WARN_BLOCK_CAPTURE_AUTORELEASING = YES;
				CLANG_WARN_BOOL_CONVERSION = YES;
				CLANG_WARN_COMMA = YES;
				CLANG_WARN_CONSTANT_CONVERSION = YES;
				CLANG_WARN_DEPRECATED_OBJC_IMPLEMENTATIONS = YES;
				CLANG_WARN_DIRECT_OBJC_ISA_USAGE = YES_ERROR;
				CLANG_WARN_DOCUMENTATION_COMMENTS = YES;
				CLANG_WARN_EMPTY_BODY = YES;
				CLANG_WARN_ENUM_CONVERSION = YES;
				CLANG_WARN_INFINITE_RECURSION = YES;
				CLANG_WARN_INT_CONVERSION = YES;
				CLANG_WARN_NON_LITERAL_NULL_CONVERSION = YES;
				CLANG_WARN_OBJC_IMPLICIT_RETAIN_SELF = YES;
				CLANG_WARN_OBJC_LITERAL_CONVERSION = YES;
				CLANG_WARN_OBJC_ROOT_CLASS = YES_ERROR;
				CLANG_WARN_QUOTED_INCLUDE_IN_FRAMEWORK_HEADER = YES;
				CLANG_WARN_RANGE_LOOP_ANALYSIS = YES;
				CLANG_WARN_STRICT_PROTOTYPES = YES;
				CLANG_WARN_SUSPICIOUS_MOVE = YES;
				CLANG_WARN_UNGUARDED_AVAILABILITY = YES_AGGRESSIVE;
				CLANG_WARN_UNREACHABLE_CODE = YES;
				CLANG_WARN__DUPLICATE_METHOD_MATCH = YES;
				COPY_PHASE_STRIP = NO;
				DEBUG_INFORMATION_FORMAT = "dwarf-with-dsym";
				ENABLE_NS_ASSERTIONS = NO;
				ENABLE_STRICT_OBJC_MSGSEND = YES;
				GCC_C_LANGUAGE_STANDARD = gnu11;
				GCC_NO_COMMON_BLOCKS = YES;
				GCC_WARN_64_TO_32_BIT_CONVERSION = YES;
				GCC_WARN_ABOUT_RETURN_TYPE = YES_ERROR;
				GCC_WARN_UNDECLARED_SELECTOR = YES;
				GCC_WARN_UNINITIALIZED_AUTOS = YES_AGGRESSIVE;
				GCC_WARN_UNUSED_FUNCTION = YES;
				GCC_WARN_UNUSED_VARIABLE = YES;
				IPHONEOS_DEPLOYMENT_TARGET = 15.0;
				MTL_ENABLE_DEBUG_INFO = NO;
				MTL_FAST_MATH = YES;
				SDKROOT = iphoneos;
				SWIFT_COMPILATION_MODE = wholemodule;
				SWIFT_OPTIMIZATION_LEVEL = "-O";
				VALIDATE_PRODUCT = YES;
			};
			name = Release;
		};
		B807EB7C2728301100E32A2D /* Debug */ = {
			isa = XCBuildConfiguration;
			buildSettings = {
				ASSETCATALOG_COMPILER_APPICON_NAME = AppIcon;
				ASSETCATALOG_COMPILER_GLOBAL_ACCENT_COLOR_NAME = AccentColor;
				CODE_SIGN_ENTITLEMENTS = HackYou/HackYou.entitlements;
				CODE_SIGN_STYLE = Automatic;
				CURRENT_PROJECT_VERSION = 1;
				DEVELOPMENT_ASSET_PATHS = "\"HackYou/Preview Content\"";
				DEVELOPMENT_TEAM = J87VWLWXPU;
				ENABLE_PREVIEWS = YES;
				GENERATE_INFOPLIST_FILE = YES;
				INFOPLIST_KEY_UIApplicationSceneManifest_Generation = YES;
				INFOPLIST_KEY_UIApplicationSupportsIndirectInputEvents = YES;
				INFOPLIST_KEY_UILaunchScreen_Generation = YES;
				INFOPLIST_KEY_UISupportedInterfaceOrientations_iPad = "UIInterfaceOrientationPortrait UIInterfaceOrientationPortraitUpsideDown UIInterfaceOrientationLandscapeLeft UIInterfaceOrientationLandscapeRight";
				INFOPLIST_KEY_UISupportedInterfaceOrientations_iPhone = "UIInterfaceOrientationPortrait UIInterfaceOrientationLandscapeLeft UIInterfaceOrientationLandscapeRight";
				IPHONEOS_DEPLOYMENT_TARGET = 14.0;
				LD_RUNPATH_SEARCH_PATHS = (
					"$(inherited)",
					"@executable_path/Frameworks",
				);
				MARKETING_VERSION = 1.0;
				PRODUCT_BUNDLE_IDENTIFIER = SJB.HackYou;
				PRODUCT_NAME = "$(TARGET_NAME)";
				SUPPORTS_MACCATALYST = YES;
				SWIFT_EMIT_LOC_STRINGS = YES;
				SWIFT_VERSION = 5.0;
				TARGETED_DEVICE_FAMILY = "1,2";
			};
			name = Debug;
		};
		B807EB7D2728301100E32A2D /* Release */ = {
			isa = XCBuildConfiguration;
			buildSettings = {
				ASSETCATALOG_COMPILER_APPICON_NAME = AppIcon;
				ASSETCATALOG_COMPILER_GLOBAL_ACCENT_COLOR_NAME = AccentColor;
				CODE_SIGN_ENTITLEMENTS = HackYou/HackYou.entitlements;
				CODE_SIGN_STYLE = Automatic;
				CURRENT_PROJECT_VERSION = 1;
				DEVELOPMENT_ASSET_PATHS = "\"HackYou/Preview Content\"";
				DEVELOPMENT_TEAM = J87VWLWXPU;
				ENABLE_PREVIEWS = YES;
				GENERATE_INFOPLIST_FILE = YES;
				INFOPLIST_KEY_UIApplicationSceneManifest_Generation = YES;
				INFOPLIST_KEY_UIApplicationSupportsIndirectInputEvents = YES;
				INFOPLIST_KEY_UILaunchScreen_Generation = YES;
				INFOPLIST_KEY_UISupportedInterfaceOrientations_iPad = "UIInterfaceOrientationPortrait UIInterfaceOrientationPortraitUpsideDown UIInterfaceOrientationLandscapeLeft UIInterfaceOrientationLandscapeRight";
				INFOPLIST_KEY_UISupportedInterfaceOrientations_iPhone = "UIInterfaceOrientationPortrait UIInterfaceOrientationLandscapeLeft UIInterfaceOrientationLandscapeRight";
				IPHONEOS_DEPLOYMENT_TARGET = 14.0;
				LD_RUNPATH_SEARCH_PATHS = (
					"$(inherited)",
					"@executable_path/Frameworks",
				);
				MARKETING_VERSION = 1.0;
				PRODUCT_BUNDLE_IDENTIFIER = SJB.HackYou;
				PRODUCT_NAME = "$(TARGET_NAME)";
				SUPPORTS_MACCATALYST = YES;
				SWIFT_EMIT_LOC_STRINGS = YES;
				SWIFT_VERSION = 5.0;
				TARGETED_DEVICE_FAMILY = "1,2";
			};
			name = Release;
		};
/* End XCBuildConfiguration section */

/* Begin XCConfigurationList section */
		B807EB682728300F00E32A2D /* Build configuration list for PBXProject "HackYou" */ = {
			isa = XCConfigurationList;
			buildConfigurations = (
				B807EB792728301100E32A2D /* Debug */,
				B807EB7A2728301100E32A2D /* Release */,
			);
			defaultConfigurationIsVisible = 0;
			defaultConfigurationName = Release;
		};
		B807EB7B2728301100E32A2D /* Build configuration list for PBXNativeTarget "HackYou" */ = {
			isa = XCConfigurationList;
			buildConfigurations = (
				B807EB7C2728301100E32A2D /* Debug */,
				B807EB7D2728301100E32A2D /* Release */,
			);
			defaultConfigurationIsVisible = 0;
			defaultConfigurationName = Release;
		};
/* End XCConfigurationList section */
	};
	rootObject = B807EB652728300F00E32A2D /* Project object */;
}
