// !$*UTF8*$!
{
	archiveVersion = 1;
	classes = {
	};
	objectVersion = 56;
	objects = {

/* Begin PBXBuildFile section */
		B8231C5F2B28483F003B7FE4 /* HikeApp.swift in Sources */ = {isa = PBXBuildFile; fileRef = B8231C5E2B28483F003B7FE4 /* HikeApp.swift */; };
		B8231C612B28483F003B7FE4 /* ContentView.swift in Sources */ = {isa = PBXBuildFile; fileRef = B8231C602B28483F003B7FE4 /* ContentView.swift */; };
		B8231C632B284842003B7FE4 /* Assets.xcassets in Resources */ = {isa = PBXBuildFile; fileRef = B8231C622B284842003B7FE4 /* Assets.xcassets */; };
		B8231C662B284842003B7FE4 /* Preview Assets.xcassets in Resources */ = {isa = PBXBuildFile; fileRef = B8231C652B284842003B7FE4 /* Preview Assets.xcassets */; };
		B8231C6D2B284BCC003B7FE4 /* CardView.swift in Sources */ = {isa = PBXBuildFile; fileRef = B8231C6C2B284BCC003B7FE4 /* CardView.swift */; };
		B8231C702B284DDC003B7FE4 /* CustomBackgroundView.swift in Sources */ = {isa = PBXBuildFile; fileRef = B8231C6F2B284DDC003B7FE4 /* CustomBackgroundView.swift */; };
		B8231C732B285012003B7FE4 /* ColorExtension.swift in Sources */ = {isa = PBXBuildFile; fileRef = B8231C722B285012003B7FE4 /* ColorExtension.swift */; };
		B8231C752B285ED7003B7FE4 /* CustomButtonView.swift in Sources */ = {isa = PBXBuildFile; fileRef = B8231C742B285ED7003B7FE4 /* CustomButtonView.swift */; };
		B8231C772B2876DE003B7FE4 /* GradientButtonStyle.swift in Sources */ = {isa = PBXBuildFile; fileRef = B8231C762B2876DE003B7FE4 /* GradientButtonStyle.swift */; };
		B8F285312B297D2F005BFEAC /* CustomCircleView.swift in Sources */ = {isa = PBXBuildFile; fileRef = B8F285302B297D2F005BFEAC /* CustomCircleView.swift */; };
		B8F285332B297F9A005BFEAC /* MotionAnimationView.swift in Sources */ = {isa = PBXBuildFile; fileRef = B8F285322B297F9A005BFEAC /* MotionAnimationView.swift */; };
		B8F285362B2987C6005BFEAC /* SettingsView.swift in Sources */ = {isa = PBXBuildFile; fileRef = B8F285352B2987C6005BFEAC /* SettingsView.swift */; };
		B8F285382B299FD5005BFEAC /* CustomListRowView.swift in Sources */ = {isa = PBXBuildFile; fileRef = B8F285372B299FD5005BFEAC /* CustomListRowView.swift */; };
/* End PBXBuildFile section */

/* Begin PBXFileReference section */
		B8160E5B2B2C9567006731F1 /* Info.plist */ = {isa = PBXFileReference; lastKnownFileType = text.plist; path = Info.plist; sourceTree = "<group>"; };
		B8231C5B2B28483F003B7FE4 /* Hike.app */ = {isa = PBXFileReference; explicitFileType = wrapper.application; includeInIndex = 0; path = Hike.app; sourceTree = BUILT_PRODUCTS_DIR; };
		B8231C5E2B28483F003B7FE4 /* HikeApp.swift */ = {isa = PBXFileReference; lastKnownFileType = sourcecode.swift; path = HikeApp.swift; sourceTree = "<group>"; };
		B8231C602B28483F003B7FE4 /* ContentView.swift */ = {isa = PBXFileReference; lastKnownFileType = sourcecode.swift; path = ContentView.swift; sourceTree = "<group>"; };
		B8231C622B284842003B7FE4 /* Assets.xcassets */ = {isa = PBXFileReference; lastKnownFileType = folder.assetcatalog; path = Assets.xcassets; sourceTree = "<group>"; };
		B8231C652B284842003B7FE4 /* Preview Assets.xcassets */ = {isa = PBXFileReference; lastKnownFileType = folder.assetcatalog; path = "Preview Assets.xcassets"; sourceTree = "<group>"; };
		B8231C6C2B284BCC003B7FE4 /* CardView.swift */ = {isa = PBXFileReference; lastKnownFileType = sourcecode.swift; path = CardView.swift; sourceTree = "<group>"; };
		B8231C6F2B284DDC003B7FE4 /* CustomBackgroundView.swift */ = {isa = PBXFileReference; lastKnownFileType = sourcecode.swift; path = CustomBackgroundView.swift; sourceTree = "<group>"; };
		B8231C722B285012003B7FE4 /* ColorExtension.swift */ = {isa = PBXFileReference; lastKnownFileType = sourcecode.swift; path = ColorExtension.swift; sourceTree = "<group>"; };
		B8231C742B285ED7003B7FE4 /* CustomButtonView.swift */ = {isa = PBXFileReference; lastKnownFileType = sourcecode.swift; path = CustomButtonView.swift; sourceTree = "<group>"; };
		B8231C762B2876DE003B7FE4 /* GradientButtonStyle.swift */ = {isa = PBXFileReference; lastKnownFileType = sourcecode.swift; path = GradientButtonStyle.swift; sourceTree = "<group>"; };
		B8F285302B297D2F005BFEAC /* CustomCircleView.swift */ = {isa = PBXFileReference; lastKnownFileType = sourcecode.swift; path = CustomCircleView.swift; sourceTree = "<group>"; };
		B8F285322B297F9A005BFEAC /* MotionAnimationView.swift */ = {isa = PBXFileReference; lastKnownFileType = sourcecode.swift; path = MotionAnimationView.swift; sourceTree = "<group>"; };
		B8F285352B2987C6005BFEAC /* SettingsView.swift */ = {isa = PBXFileReference; lastKnownFileType = sourcecode.swift; path = SettingsView.swift; sourceTree = "<group>"; };
		B8F285372B299FD5005BFEAC /* CustomListRowView.swift */ = {isa = PBXFileReference; lastKnownFileType = sourcecode.swift; path = CustomListRowView.swift; sourceTree = "<group>"; };
/* End PBXFileReference section */

/* Begin PBXFrameworksBuildPhase section */
		B8231C582B28483F003B7FE4 /* Frameworks */ = {
			isa = PBXFrameworksBuildPhase;
			buildActionMask = 2147483647;
			files = (
			);
			runOnlyForDeploymentPostprocessing = 0;
		};
/* End PBXFrameworksBuildPhase section */

/* Begin PBXGroup section */
		B8231C522B28483F003B7FE4 = {
			isa = PBXGroup;
			children = (
				B8231C5D2B28483F003B7FE4 /* Hike */,
				B8231C5C2B28483F003B7FE4 /* Products */,
			);
			sourceTree = "<group>";
		};
		B8231C5C2B28483F003B7FE4 /* Products */ = {
			isa = PBXGroup;
			children = (
				B8231C5B2B28483F003B7FE4 /* Hike.app */,
			);
			name = Products;
			sourceTree = "<group>";
		};
		B8231C5D2B28483F003B7FE4 /* Hike */ = {
			isa = PBXGroup;
			children = (
				B8160E5B2B2C9567006731F1 /* Info.plist */,
				B8231C5E2B28483F003B7FE4 /* HikeApp.swift */,
				B8F285342B2987AE005BFEAC /* Screen */,
				B8231C712B284FD1003B7FE4 /* Utitlity */,
				B8231C6E2B284DBC003B7FE4 /* Component */,
				B8231C622B284842003B7FE4 /* Assets.xcassets */,
				B8231C642B284842003B7FE4 /* Preview Content */,
			);
			path = Hike;
			sourceTree = "<group>";
		};
		B8231C642B284842003B7FE4 /* Preview Content */ = {
			isa = PBXGroup;
			children = (
				B8231C652B284842003B7FE4 /* Preview Assets.xcassets */,
			);
			path = "Preview Content";
			sourceTree = "<group>";
		};
		B8231C6E2B284DBC003B7FE4 /* Component */ = {
			isa = PBXGroup;
			children = (
				B8231C6C2B284BCC003B7FE4 /* CardView.swift */,
				B8F285302B297D2F005BFEAC /* CustomCircleView.swift */,
				B8231C6F2B284DDC003B7FE4 /* CustomBackgroundView.swift */,
				B8231C742B285ED7003B7FE4 /* CustomButtonView.swift */,
				B8F285322B297F9A005BFEAC /* MotionAnimationView.swift */,
				B8F285372B299FD5005BFEAC /* CustomListRowView.swift */,
			);
			path = Component;
			sourceTree = "<group>";
		};
		B8231C712B284FD1003B7FE4 /* Utitlity */ = {
			isa = PBXGroup;
			children = (
				B8231C722B285012003B7FE4 /* ColorExtension.swift */,
				B8231C762B2876DE003B7FE4 /* GradientButtonStyle.swift */,
			);
			path = Utitlity;
			sourceTree = "<group>";
		};
		B8F285342B2987AE005BFEAC /* Screen */ = {
			isa = PBXGroup;
			children = (
				B8231C602B28483F003B7FE4 /* ContentView.swift */,
				B8F285352B2987C6005BFEAC /* SettingsView.swift */,
			);
			path = Screen;
			sourceTree = "<group>";
		};
/* End PBXGroup section */

/* Begin PBXNativeTarget section */
		B8231C5A2B28483F003B7FE4 /* Hike */ = {
			isa = PBXNativeTarget;
			buildConfigurationList = B8231C692B284842003B7FE4 /* Build configuration list for PBXNativeTarget "Hike" */;
			buildPhases = (
				B8231C572B28483F003B7FE4 /* Sources */,
				B8231C582B28483F003B7FE4 /* Frameworks */,
				B8231C592B28483F003B7FE4 /* Resources */,
			);
			buildRules = (
			);
			dependencies = (
			);
			name = Hike;
			productName = Hike;
			productReference = B8231C5B2B28483F003B7FE4 /* Hike.app */;
			productType = "com.apple.product-type.application";
		};
/* End PBXNativeTarget section */

/* Begin PBXProject section */
		B8231C532B28483F003B7FE4 /* Project object */ = {
			isa = PBXProject;
			attributes = {
				BuildIndependentTargetsInParallel = 1;
				LastSwiftUpdateCheck = 1430;
				LastUpgradeCheck = 1430;
				TargetAttributes = {
					B8231C5A2B28483F003B7FE4 = {
						CreatedOnToolsVersion = 14.3.1;
					};
				};
			};
			buildConfigurationList = B8231C562B28483F003B7FE4 /* Build configuration list for PBXProject "Hike" */;
			compatibilityVersion = "Xcode 14.0";
			developmentRegion = en;
			hasScannedForEncodings = 0;
			knownRegions = (
				en,
				Base,
			);
			mainGroup = B8231C522B28483F003B7FE4;
			productRefGroup = B8231C5C2B28483F003B7FE4 /* Products */;
			projectDirPath = "";
			projectRoot = "";
			targets = (
				B8231C5A2B28483F003B7FE4 /* Hike */,
			);
		};
/* End PBXProject section */

/* Begin PBXResourcesBuildPhase section */
		B8231C592B28483F003B7FE4 /* Resources */ = {
			isa = PBXResourcesBuildPhase;
			buildActionMask = 2147483647;
			files = (
				B8231C662B284842003B7FE4 /* Preview Assets.xcassets in Resources */,
				B8231C632B284842003B7FE4 /* Assets.xcassets in Resources */,
			);
			runOnlyForDeploymentPostprocessing = 0;
		};
/* End PBXResourcesBuildPhase section */

/* Begin PBXSourcesBuildPhase section */
		B8231C572B28483F003B7FE4 /* Sources */ = {
			isa = PBXSourcesBuildPhase;
			buildActionMask = 2147483647;
			files = (
				B8231C612B28483F003B7FE4 /* ContentView.swift in Sources */,
				B8F285312B297D2F005BFEAC /* CustomCircleView.swift in Sources */,
				B8F285382B299FD5005BFEAC /* CustomListRowView.swift in Sources */,
				B8231C6D2B284BCC003B7FE4 /* CardView.swift in Sources */,
				B8231C5F2B28483F003B7FE4 /* HikeApp.swift in Sources */,
				B8231C752B285ED7003B7FE4 /* CustomButtonView.swift in Sources */,
				B8F285362B2987C6005BFEAC /* SettingsView.swift in Sources */,
				B8231C772B2876DE003B7FE4 /* GradientButtonStyle.swift in Sources */,
				B8F285332B297F9A005BFEAC /* MotionAnimationView.swift in Sources */,
				B8231C702B284DDC003B7FE4 /* CustomBackgroundView.swift in Sources */,
				B8231C732B285012003B7FE4 /* ColorExtension.swift in Sources */,
			);
			runOnlyForDeploymentPostprocessing = 0;
		};
/* End PBXSourcesBuildPhase section */

/* Begin XCBuildConfiguration section */
		B8231C672B284842003B7FE4 /* Debug */ = {
			isa = XCBuildConfiguration;
			buildSettings = {
				ALWAYS_SEARCH_USER_PATHS = NO;
				CLANG_ANALYZER_NONNULL = YES;
				CLANG_ANALYZER_NUMBER_OBJECT_CONVERSION = YES_AGGRESSIVE;
				CLANG_CXX_LANGUAGE_STANDARD = "gnu++20";
				CLANG_ENABLE_MODULES = YES;
				CLANG_ENABLE_OBJC_ARC = YES;
				CLANG_ENABLE_OBJC_WEAK = YES;
				CLANG_WARN_BLOCK_CAPTURE_AUTORELEASING = YES;
				CLANG_WARN_BOOL_CONVERSION = YES;
				CLANG_WARN_COMMA = YES;
				CLANG_WARN_CONSTANT_CONVERSION = YES;
				CLANG_WARN_DEPRECATED_OBJC_IMPLEMENTATIONS = YES;
				CLANG_WARN_DIRECT_OBJC_ISA_USAGE = YES_ERROR;
				CLANG_WARN_DOCUMENTATION_COMMENTS = YES;
				CLANG_WARN_EMPTY_BODY = YES;
				CLANG_WARN_ENUM_CONVERSION = YES;
				CLANG_WARN_INFINITE_RECURSION = YES;
				CLANG_WARN_INT_CONVERSION = YES;
				CLANG_WARN_NON_LITERAL_NULL_CONVERSION = YES;
				CLANG_WARN_OBJC_IMPLICIT_RETAIN_SELF = YES;
				CLANG_WARN_OBJC_LITERAL_CONVERSION = YES;
				CLANG_WARN_OBJC_ROOT_CLASS = YES_ERROR;
				CLANG_WARN_QUOTED_INCLUDE_IN_FRAMEWORK_HEADER = YES;
				CLANG_WARN_RANGE_LOOP_ANALYSIS = YES;
				CLANG_WARN_STRICT_PROTOTYPES = YES;
				CLANG_WARN_SUSPICIOUS_MOVE = YES;
				CLANG_WARN_UNGUARDED_AVAILABILITY = YES_AGGRESSIVE;
				CLANG_WARN_UNREACHABLE_CODE = YES;
				CLANG_WARN__DUPLICATE_METHOD_MATCH = YES;
				COPY_PHASE_STRIP = NO;
				DEBUG_INFORMATION_FORMAT = dwarf;
				ENABLE_STRICT_OBJC_MSGSEND = YES;
				ENABLE_TESTABILITY = YES;
				GCC_C_LANGUAGE_STANDARD = gnu11;
				GCC_DYNAMIC_NO_PIC = NO;
				GCC_NO_COMMON_BLOCKS = YES;
				GCC_OPTIMIZATION_LEVEL = 0;
				GCC_PREPROCESSOR_DEFINITIONS = (
					"DEBUG=1",
					"$(inherited)",
				);
				GCC_WARN_64_TO_32_BIT_CONVERSION = YES;
				GCC_WARN_ABOUT_RETURN_TYPE = YES_ERROR;
				GCC_WARN_UNDECLARED_SELECTOR = YES;
				GCC_WARN_UNINITIALIZED_AUTOS = YES_AGGRESSIVE;
				GCC_WARN_UNUSED_FUNCTION = YES;
				GCC_WARN_UNUSED_VARIABLE = YES;
				IPHONEOS_DEPLOYMENT_TARGET = 16.4;
				MTL_ENABLE_DEBUG_INFO = INCLUDE_SOURCE;
				MTL_FAST_MATH = YES;
				ONLY_ACTIVE_ARCH = YES;
				SDKROOT = iphoneos;
				SWIFT_ACTIVE_COMPILATION_CONDITIONS = DEBUG;
				SWIFT_OPTIMIZATION_LEVEL = "-Onone";
			};
			name = Debug;
		};
		B8231C682B284842003B7FE4 /* Release */ = {
			isa = XCBuildConfiguration;
			buildSettings = {
				ALWAYS_SEARCH_USER_PATHS = NO;
				CLANG_ANALYZER_NONNULL = YES;
				CLANG_ANALYZER_NUMBER_OBJECT_CONVERSION = YES_AGGRESSIVE;
				CLANG_CXX_LANGUAGE_STANDARD = "gnu++20";
				CLANG_ENABLE_MODULES = YES;
				CLANG_ENABLE_OBJC_ARC = YES;
				CLANG_ENABLE_OBJC_WEAK = YES;
				CLANG_WARN_BLOCK_CAPTURE_AUTORELEASING = YES;
				CLANG_WARN_BOOL_CONVERSION = YES;
				CLANG_WARN_COMMA = YES;
				CLANG_WARN_CONSTANT_CONVERSION = YES;
				CLANG_WARN_DEPRECATED_OBJC_IMPLEMENTATIONS = YES;
				CLANG_WARN_DIRECT_OBJC_ISA_USAGE = YES_ERROR;
				CLANG_WARN_DOCUMENTATION_COMMENTS = YES;
				CLANG_WARN_EMPTY_BODY = YES;
				CLANG_WARN_ENUM_CONVERSION = YES;
				CLANG_WARN_INFINITE_RECURSION = YES;
				CLANG_WARN_INT_CONVERSION = YES;
				CLANG_WARN_NON_LITERAL_NULL_CONVERSION = YES;
				CLANG_WARN_OBJC_IMPLICIT_RETAIN_SELF = YES;
				CLANG_WARN_OBJC_LITERAL_CONVERSION = YES;
				CLANG_WARN_OBJC_ROOT_CLASS = YES_ERROR;
				CLANG_WARN_QUOTED_INCLUDE_IN_FRAMEWORK_HEADER = YES;
				CLANG_WARN_RANGE_LOOP_ANALYSIS = YES;
				CLANG_WARN_STRICT_PROTOTYPES = YES;
				CLANG_WARN_SUSPICIOUS_MOVE = YES;
				CLANG_WARN_UNGUARDED_AVAILABILITY = YES_AGGRESSIVE;
				CLANG_WARN_UNREACHABLE_CODE = YES;
				CLANG_WARN__DUPLICATE_METHOD_MATCH = YES;
				COPY_PHASE_STRIP = NO;
				DEBUG_INFORMATION_FORMAT = "dwarf-with-dsym";
				ENABLE_NS_ASSERTIONS = NO;
				ENABLE_STRICT_OBJC_MSGSEND = YES;
				GCC_C_LANGUAGE_STANDARD = gnu11;
				GCC_NO_COMMON_BLOCKS = YES;
				GCC_WARN_64_TO_32_BIT_CONVERSION = YES;
				GCC_WARN_ABOUT_RETURN_TYPE = YES_ERROR;
				GCC_WARN_UNDECLARED_SELECTOR = YES;
				GCC_WARN_UNINITIALIZED_AUTOS = YES_AGGRESSIVE;
				GCC_WARN_UNUSED_FUNCTION = YES;
				GCC_WARN_UNUSED_VARIABLE = YES;
				IPHONEOS_DEPLOYMENT_TARGET = 16.4;
				MTL_ENABLE_DEBUG_INFO = NO;
				MTL_FAST_MATH = YES;
				SDKROOT = iphoneos;
				SWIFT_COMPILATION_MODE = wholemodule;
				SWIFT_OPTIMIZATION_LEVEL = "-O";
				VALIDATE_PRODUCT = YES;
			};
			name = Release;
		};
		B8231C6A2B284842003B7FE4 /* Debug */ = {
			isa = XCBuildConfiguration;
			buildSettings = {
				ASSETCATALOG_COMPILER_ALTERNATE_APPICON_NAMES = "AppIcon-MagnifyingGlass AppIcon-Mushroom AppIcon-Backpack AppIcon-Campfire AppIcon-Camera AppIcon-Map";
				ASSETCATALOG_COMPILER_APPICON_NAME = AppIcon;
				ASSETCATALOG_COMPILER_GLOBAL_ACCENT_COLOR_NAME = AccentColor;
				ASSETCATALOG_COMPILER_INCLUDE_ALL_APPICON_ASSETS = YES;
				CODE_SIGN_STYLE = Automatic;
				CURRENT_PROJECT_VERSION = 1;
				DEVELOPMENT_ASSET_PATHS = "\"Hike/Preview Content\"";
				DEVELOPMENT_TEAM = J87VWLWXPU;
				ENABLE_PREVIEWS = YES;
				GENERATE_INFOPLIST_FILE = YES;
				INFOPLIST_FILE = Hike/Info.plist;
				INFOPLIST_KEY_UIApplicationSceneManifest_Generation = YES;
				INFOPLIST_KEY_UIApplicationSupportsIndirectInputEvents = YES;
				INFOPLIST_KEY_UILaunchScreen_Generation = YES;
				INFOPLIST_KEY_UISupportedInterfaceOrientations_iPad = "UIInterfaceOrientationPortrait UIInterfaceOrientationPortraitUpsideDown UIInterfaceOrientationLandscapeLeft UIInterfaceOrientationLandscapeRight";
				INFOPLIST_KEY_UISupportedInterfaceOrientations_iPhone = "UIInterfaceOrientationPortrait UIInterfaceOrientationLandscapeLeft UIInterfaceOrientationLandscapeRight";
				INFOPLIST_PREPROCESS = YES;
				LD_RUNPATH_SEARCH_PATHS = (
					"$(inherited)",
					"@executable_path/Frameworks",
				);
				MARKETING_VERSION = 1.0;
				PRODUCT_BUNDLE_IDENTIFIER = SJB.Hike;
				PRODUCT_NAME = "$(TARGET_NAME)";
				SWIFT_EMIT_LOC_STRINGS = YES;
				SWIFT_VERSION = 5.0;
				TARGETED_DEVICE_FAMILY = "1,2";
			};
			name = Debug;
		};
		B8231C6B2B284842003B7FE4 /* Release */ = {
			isa = XCBuildConfiguration;
			buildSettings = {
				ASSETCATALOG_COMPILER_ALTERNATE_APPICON_NAMES = "";
				ASSETCATALOG_COMPILER_APPICON_NAME = AppIcon;
				ASSETCATALOG_COMPILER_GLOBAL_ACCENT_COLOR_NAME = AccentColor;
				ASSETCATALOG_COMPILER_INCLUDE_ALL_APPICON_ASSETS = YES;
				CODE_SIGN_STYLE = Automatic;
				CURRENT_PROJECT_VERSION = 1;
				DEVELOPMENT_ASSET_PATHS = "\"Hike/Preview Content\"";
				DEVELOPMENT_TEAM = J87VWLWXPU;
				ENABLE_PREVIEWS = YES;
				GENERATE_INFOPLIST_FILE = YES;
				INFOPLIST_FILE = Hike/Info.plist;
				INFOPLIST_KEY_UIApplicationSceneManifest_Generation = YES;
				INFOPLIST_KEY_UIApplicationSupportsIndirectInputEvents = YES;
				INFOPLIST_KEY_UILaunchScreen_Generation = YES;
				INFOPLIST_KEY_UISupportedInterfaceOrientations_iPad = "UIInterfaceOrientationPortrait UIInterfaceOrientationPortraitUpsideDown UIInterfaceOrientationLandscapeLeft UIInterfaceOrientationLandscapeRight";
				INFOPLIST_KEY_UISupportedInterfaceOrientations_iPhone = "UIInterfaceOrientationPortrait UIInterfaceOrientationLandscapeLeft UIInterfaceOrientationLandscapeRight";
				INFOPLIST_PREPROCESS = YES;
				LD_RUNPATH_SEARCH_PATHS = (
					"$(inherited)",
					"@executable_path/Frameworks",
				);
				MARKETING_VERSION = 1.0;
				PRODUCT_BUNDLE_IDENTIFIER = SJB.Hike;
				PRODUCT_NAME = "$(TARGET_NAME)";
				SWIFT_EMIT_LOC_STRINGS = YES;
				SWIFT_VERSION = 5.0;
				TARGETED_DEVICE_FAMILY = "1,2";
			};
			name = Release;
		};
/* End XCBuildConfiguration section */

/* Begin XCConfigurationList section */
		B8231C562B28483F003B7FE4 /* Build configuration list for PBXProject "Hike" */ = {
			isa = XCConfigurationList;
			buildConfigurations = (
				B8231C672B284842003B7FE4 /* Debug */,
				B8231C682B284842003B7FE4 /* Release */,
			);
			defaultConfigurationIsVisible = 0;
			defaultConfigurationName = Release;
		};
		B8231C692B284842003B7FE4 /* Build configuration list for PBXNativeTarget "Hike" */ = {
			isa = XCConfigurationList;
			buildConfigurations = (
				B8231C6A2B284842003B7FE4 /* Debug */,
				B8231C6B2B284842003B7FE4 /* Release */,
			);
			defaultConfigurationIsVisible = 0;
			defaultConfigurationName = Release;
		};
/* End XCConfigurationList section */
	};
	rootObject = B8231C532B28483F003B7FE4 /* Project object */;
}
