// !$*UTF8*$!
{
	archiveVersion = 1;
	classes = {
	};
	objectVersion = 56;
	objects = {

/* Begin PBXBuildFile section */
		B804387A2A4D5BE7006610A4 /* AppDelegate.swift in Sources */ = {isa = PBXBuildFile; fileRef = B80438792A4D5BE7006610A4 /* AppDelegate.swift */; };
		B804387C2A4D5BE7006610A4 /* SceneDelegate.swift in Sources */ = {isa = PBXBuildFile; fileRef = B804387B2A4D5BE7006610A4 /* SceneDelegate.swift */; };
		B804387E2A4D5BE7006610A4 /* ViewController.swift in Sources */ = {isa = PBXBuildFile; fileRef = B804387D2A4D5BE7006610A4 /* ViewController.swift */; };
		B80438812A4D5BE7006610A4 /* Main.storyboard in Resources */ = {isa = PBXBuildFile; fileRef = B804387F2A4D5BE7006610A4 /* Main.storyboard */; };
		B80438832A4D5BEC006610A4 /* Assets.xcassets in Resources */ = {isa = PBXBuildFile; fileRef = B80438822A4D5BEC006610A4 /* Assets.xcassets */; };
		B80438862A4D5BEC006610A4 /* LaunchScreen.storyboard in Resources */ = {isa = PBXBuildFile; fileRef = B80438842A4D5BEC006610A4 /* LaunchScreen.storyboard */; };
		B804388E2A4D78B2006610A4 /* PlayPauseButton.swift in Sources */ = {isa = PBXBuildFile; fileRef = B804388D2A4D78B2006610A4 /* PlayPauseButton.swift */; };
		B80438902A4DA270006610A4 /* SettingsButton.swift in Sources */ = {isa = PBXBuildFile; fileRef = B804388F2A4DA270006610A4 /* SettingsButton.swift */; };
		B80438922A4DA465006610A4 /* SettingsPopOver.swift in Sources */ = {isa = PBXBuildFile; fileRef = B80438912A4DA465006610A4 /* SettingsPopOver.swift */; };
		B80438942A4DB0C4006610A4 /* SettingsButton.xib in Resources */ = {isa = PBXBuildFile; fileRef = B80438932A4DB0C4006610A4 /* SettingsButton.xib */; };
		B80438962A4DCA46006610A4 /* QualityOption.xib in Resources */ = {isa = PBXBuildFile; fileRef = B80438952A4DCA46006610A4 /* QualityOption.xib */; };
		B80438982A4DD0F2006610A4 /* SettingsPopOver.xib in Resources */ = {isa = PBXBuildFile; fileRef = B80438972A4DD0F1006610A4 /* SettingsPopOver.xib */; };
		B8497CBC2A4E927300199CBE /* QualityOption.swift in Sources */ = {isa = PBXBuildFile; fileRef = B8497CBB2A4E927300199CBE /* QualityOption.swift */; };
/* End PBXBuildFile section */

/* Begin PBXFileReference section */
		B80438762A4D5BE7006610A4 /* Player.app */ = {isa = PBXFileReference; explicitFileType = wrapper.application; includeInIndex = 0; path = Player.app; sourceTree = BUILT_PRODUCTS_DIR; };
		B80438792A4D5BE7006610A4 /* AppDelegate.swift */ = {isa = PBXFileReference; lastKnownFileType = sourcecode.swift; path = AppDelegate.swift; sourceTree = "<group>"; };
		B804387B2A4D5BE7006610A4 /* SceneDelegate.swift */ = {isa = PBXFileReference; lastKnownFileType = sourcecode.swift; path = SceneDelegate.swift; sourceTree = "<group>"; };
		B804387D2A4D5BE7006610A4 /* ViewController.swift */ = {isa = PBXFileReference; lastKnownFileType = sourcecode.swift; path = ViewController.swift; sourceTree = "<group>"; };
		B80438802A4D5BE7006610A4 /* Base */ = {isa = PBXFileReference; lastKnownFileType = file.storyboard; name = Base; path = Base.lproj/Main.storyboard; sourceTree = "<group>"; };
		B80438822A4D5BEC006610A4 /* Assets.xcassets */ = {isa = PBXFileReference; lastKnownFileType = folder.assetcatalog; path = Assets.xcassets; sourceTree = "<group>"; };
		B80438852A4D5BEC006610A4 /* Base */ = {isa = PBXFileReference; lastKnownFileType = file.storyboard; name = Base; path = Base.lproj/LaunchScreen.storyboard; sourceTree = "<group>"; };
		B80438872A4D5BEC006610A4 /* Info.plist */ = {isa = PBXFileReference; lastKnownFileType = text.plist.xml; path = Info.plist; sourceTree = "<group>"; };
		B804388D2A4D78B2006610A4 /* PlayPauseButton.swift */ = {isa = PBXFileReference; lastKnownFileType = sourcecode.swift; path = PlayPauseButton.swift; sourceTree = "<group>"; };
		B804388F2A4DA270006610A4 /* SettingsButton.swift */ = {isa = PBXFileReference; lastKnownFileType = sourcecode.swift; path = SettingsButton.swift; sourceTree = "<group>"; };
		B80438912A4DA465006610A4 /* SettingsPopOver.swift */ = {isa = PBXFileReference; lastKnownFileType = sourcecode.swift; path = SettingsPopOver.swift; sourceTree = "<group>"; };
		B80438932A4DB0C4006610A4 /* SettingsButton.xib */ = {isa = PBXFileReference; lastKnownFileType = file.xib; path = SettingsButton.xib; sourceTree = "<group>"; };
		B80438952A4DCA46006610A4 /* QualityOption.xib */ = {isa = PBXFileReference; lastKnownFileType = file.xib; path = QualityOption.xib; sourceTree = "<group>"; };
		B80438972A4DD0F1006610A4 /* SettingsPopOver.xib */ = {isa = PBXFileReference; lastKnownFileType = file.xib; path = SettingsPopOver.xib; sourceTree = "<group>"; };
		B8497CBB2A4E927300199CBE /* QualityOption.swift */ = {isa = PBXFileReference; lastKnownFileType = sourcecode.swift; path = QualityOption.swift; sourceTree = "<group>"; };
/* End PBXFileReference section */

/* Begin PBXFrameworksBuildPhase section */
		B80438732A4D5BE7006610A4 /* Frameworks */ = {
			isa = PBXFrameworksBuildPhase;
			buildActionMask = 2147483647;
			files = (
			);
			runOnlyForDeploymentPostprocessing = 0;
		};
/* End PBXFrameworksBuildPhase section */

/* Begin PBXGroup section */
		B804386D2A4D5BE7006610A4 = {
			isa = PBXGroup;
			children = (
				B80438782A4D5BE7006610A4 /* Player */,
				B80438772A4D5BE7006610A4 /* Products */,
			);
			sourceTree = "<group>";
		};
		B80438772A4D5BE7006610A4 /* Products */ = {
			isa = PBXGroup;
			children = (
				B80438762A4D5BE7006610A4 /* Player.app */,
			);
			name = Products;
			sourceTree = "<group>";
		};
		B80438782A4D5BE7006610A4 /* Player */ = {
			isa = PBXGroup;
			children = (
				B80438792A4D5BE7006610A4 /* AppDelegate.swift */,
				B804387B2A4D5BE7006610A4 /* SceneDelegate.swift */,
				B804387D2A4D5BE7006610A4 /* ViewController.swift */,
				B804388D2A4D78B2006610A4 /* PlayPauseButton.swift */,
				B804388F2A4DA270006610A4 /* SettingsButton.swift */,
				B80438932A4DB0C4006610A4 /* SettingsButton.xib */,
				B80438912A4DA465006610A4 /* SettingsPopOver.swift */,
				B80438972A4DD0F1006610A4 /* SettingsPopOver.xib */,
				B8497CBB2A4E927300199CBE /* QualityOption.swift */,
				B80438952A4DCA46006610A4 /* QualityOption.xib */,
				B804387F2A4D5BE7006610A4 /* Main.storyboard */,
				B80438822A4D5BEC006610A4 /* Assets.xcassets */,
				B80438842A4D5BEC006610A4 /* LaunchScreen.storyboard */,
				B80438872A4D5BEC006610A4 /* Info.plist */,
			);
			path = Player;
			sourceTree = "<group>";
		};
/* End PBXGroup section */

/* Begin PBXNativeTarget section */
		B80438752A4D5BE7006610A4 /* Player */ = {
			isa = PBXNativeTarget;
			buildConfigurationList = B804388A2A4D5BEC006610A4 /* Build configuration list for PBXNativeTarget "Player" */;
			buildPhases = (
				B80438722A4D5BE7006610A4 /* Sources */,
				B80438732A4D5BE7006610A4 /* Frameworks */,
				B80438742A4D5BE7006610A4 /* Resources */,
			);
			buildRules = (
			);
			dependencies = (
			);
			name = Player;
			productName = Player;
			productReference = B80438762A4D5BE7006610A4 /* Player.app */;
			productType = "com.apple.product-type.application";
		};
/* End PBXNativeTarget section */

/* Begin PBXProject section */
		B804386E2A4D5BE7006610A4 /* Project object */ = {
			isa = PBXProject;
			attributes = {
				BuildIndependentTargetsInParallel = 1;
				LastSwiftUpdateCheck = 1420;
				LastUpgradeCheck = 1420;
				TargetAttributes = {
					B80438752A4D5BE7006610A4 = {
						CreatedOnToolsVersion = 14.2;
					};
				};
			};
			buildConfigurationList = B80438712A4D5BE7006610A4 /* Build configuration list for PBXProject "Player" */;
			compatibilityVersion = "Xcode 14.0";
			developmentRegion = en;
			hasScannedForEncodings = 0;
			knownRegions = (
				en,
				Base,
			);
			mainGroup = B804386D2A4D5BE7006610A4;
			productRefGroup = B80438772A4D5BE7006610A4 /* Products */;
			projectDirPath = "";
			projectRoot = "";
			targets = (
				B80438752A4D5BE7006610A4 /* Player */,
			);
		};
/* End PBXProject section */

/* Begin PBXResourcesBuildPhase section */
		B80438742A4D5BE7006610A4 /* Resources */ = {
			isa = PBXResourcesBuildPhase;
			buildActionMask = 2147483647;
			files = (
				B80438942A4DB0C4006610A4 /* SettingsButton.xib in Resources */,
				B80438862A4D5BEC006610A4 /* LaunchScreen.storyboard in Resources */,
				B80438832A4D5BEC006610A4 /* Assets.xcassets in Resources */,
				B80438962A4DCA46006610A4 /* QualityOption.xib in Resources */,
				B80438982A4DD0F2006610A4 /* SettingsPopOver.xib in Resources */,
				B80438812A4D5BE7006610A4 /* Main.storyboard in Resources */,
			);
			runOnlyForDeploymentPostprocessing = 0;
		};
/* End PBXResourcesBuildPhase section */

/* Begin PBXSourcesBuildPhase section */
		B80438722A4D5BE7006610A4 /* Sources */ = {
			isa = PBXSourcesBuildPhase;
			buildActionMask = 2147483647;
			files = (
				B804388E2A4D78B2006610A4 /* PlayPauseButton.swift in Sources */,
				B804387E2A4D5BE7006610A4 /* ViewController.swift in Sources */,
				B80438902A4DA270006610A4 /* SettingsButton.swift in Sources */,
				B8497CBC2A4E927300199CBE /* QualityOption.swift in Sources */,
				B804387A2A4D5BE7006610A4 /* AppDelegate.swift in Sources */,
				B80438922A4DA465006610A4 /* SettingsPopOver.swift in Sources */,
				B804387C2A4D5BE7006610A4 /* SceneDelegate.swift in Sources */,
			);
			runOnlyForDeploymentPostprocessing = 0;
		};
/* End PBXSourcesBuildPhase section */

/* Begin PBXVariantGroup section */
		B804387F2A4D5BE7006610A4 /* Main.storyboard */ = {
			isa = PBXVariantGroup;
			children = (
				B80438802A4D5BE7006610A4 /* Base */,
			);
			name = Main.storyboard;
			sourceTree = "<group>";
		};
		B80438842A4D5BEC006610A4 /* LaunchScreen.storyboard */ = {
			isa = PBXVariantGroup;
			children = (
				B80438852A4D5BEC006610A4 /* Base */,
			);
			name = LaunchScreen.storyboard;
			sourceTree = "<group>";
		};
/* End PBXVariantGroup section */

/* Begin XCBuildConfiguration section */
		B80438882A4D5BEC006610A4 /* Debug */ = {
			isa = XCBuildConfiguration;
			buildSettings = {
				ALWAYS_SEARCH_USER_PATHS = NO;
				CLANG_ANALYZER_NONNULL = YES;
				CLANG_ANALYZER_NUMBER_OBJECT_CONVERSION = YES_AGGRESSIVE;
				CLANG_CXX_LANGUAGE_STANDARD = "gnu++20";
				CLANG_ENABLE_MODULES = YES;
				CLANG_ENABLE_OBJC_ARC = YES;
				CLANG_ENABLE_OBJC_WEAK = YES;
				CLANG_WARN_BLOCK_CAPTURE_AUTORELEASING = YES;
				CLANG_WARN_BOOL_CONVERSION = YES;
				CLANG_WARN_COMMA = YES;
				CLANG_WARN_CONSTANT_CONVERSION = YES;
				CLANG_WARN_DEPRECATED_OBJC_IMPLEMENTATIONS = YES;
				CLANG_WARN_DIRECT_OBJC_ISA_USAGE = YES_ERROR;
				CLANG_WARN_DOCUMENTATION_COMMENTS = YES;
				CLANG_WARN_EMPTY_BODY = YES;
				CLANG_WARN_ENUM_CONVERSION = YES;
				CLANG_WARN_INFINITE_RECURSION = YES;
				CLANG_WARN_INT_CONVERSION = YES;
				CLANG_WARN_NON_LITERAL_NULL_CONVERSION = YES;
				CLANG_WARN_OBJC_IMPLICIT_RETAIN_SELF = YES;
				CLANG_WARN_OBJC_LITERAL_CONVERSION = YES;
				CLANG_WARN_OBJC_ROOT_CLASS = YES_ERROR;
				CLANG_WARN_QUOTED_INCLUDE_IN_FRAMEWORK_HEADER = YES;
				CLANG_WARN_RANGE_LOOP_ANALYSIS = YES;
				CLANG_WARN_STRICT_PROTOTYPES = YES;
				CLANG_WARN_SUSPICIOUS_MOVE = YES;
				CLANG_WARN_UNGUARDED_AVAILABILITY = YES_AGGRESSIVE;
				CLANG_WARN_UNREACHABLE_CODE = YES;
				CLANG_WARN__DUPLICATE_METHOD_MATCH = YES;
				COPY_PHASE_STRIP = NO;
				DEBUG_INFORMATION_FORMAT = dwarf;
				ENABLE_STRICT_OBJC_MSGSEND = YES;
				ENABLE_TESTABILITY = YES;
				GCC_C_LANGUAGE_STANDARD = gnu11;
				GCC_DYNAMIC_NO_PIC = NO;
				GCC_NO_COMMON_BLOCKS = YES;
				GCC_OPTIMIZATION_LEVEL = 0;
				GCC_PREPROCESSOR_DEFINITIONS = (
					"DEBUG=1",
					"$(inherited)",
				);
				GCC_WARN_64_TO_32_BIT_CONVERSION = YES;
				GCC_WARN_ABOUT_RETURN_TYPE = YES_ERROR;
				GCC_WARN_UNDECLARED_SELECTOR = YES;
				GCC_WARN_UNINITIALIZED_AUTOS = YES_AGGRESSIVE;
				GCC_WARN_UNUSED_FUNCTION = YES;
				GCC_WARN_UNUSED_VARIABLE = YES;
				IPHONEOS_DEPLOYMENT_TARGET = 16.2;
				MTL_ENABLE_DEBUG_INFO = INCLUDE_SOURCE;
				MTL_FAST_MATH = YES;
				ONLY_ACTIVE_ARCH = YES;
				SDKROOT = iphoneos;
				SWIFT_ACTIVE_COMPILATION_CONDITIONS = DEBUG;
				SWIFT_OPTIMIZATION_LEVEL = "-Onone";
			};
			name = Debug;
		};
		B80438892A4D5BEC006610A4 /* Release */ = {
			isa = XCBuildConfiguration;
			buildSettings = {
				ALWAYS_SEARCH_USER_PATHS = NO;
				CLANG_ANALYZER_NONNULL = YES;
				CLANG_ANALYZER_NUMBER_OBJECT_CONVERSION = YES_AGGRESSIVE;
				CLANG_CXX_LANGUAGE_STANDARD = "gnu++20";
				CLANG_ENABLE_MODULES = YES;
				CLANG_ENABLE_OBJC_ARC = YES;
				CLANG_ENABLE_OBJC_WEAK = YES;
				CLANG_WARN_BLOCK_CAPTURE_AUTORELEASING = YES;
				CLANG_WARN_BOOL_CONVERSION = YES;
				CLANG_WARN_COMMA = YES;
				CLANG_WARN_CONSTANT_CONVERSION = YES;
				CLANG_WARN_DEPRECATED_OBJC_IMPLEMENTATIONS = YES;
				CLANG_WARN_DIRECT_OBJC_ISA_USAGE = YES_ERROR;
				CLANG_WARN_DOCUMENTATION_COMMENTS = YES;
				CLANG_WARN_EMPTY_BODY = YES;
				CLANG_WARN_ENUM_CONVERSION = YES;
				CLANG_WARN_INFINITE_RECURSION = YES;
				CLANG_WARN_INT_CONVERSION = YES;
				CLANG_WARN_NON_LITERAL_NULL_CONVERSION = YES;
				CLANG_WARN_OBJC_IMPLICIT_RETAIN_SELF = YES;
				CLANG_WARN_OBJC_LITERAL_CONVERSION = YES;
				CLANG_WARN_OBJC_ROOT_CLASS = YES_ERROR;
				CLANG_WARN_QUOTED_INCLUDE_IN_FRAMEWORK_HEADER = YES;
				CLANG_WARN_RANGE_LOOP_ANALYSIS = YES;
				CLANG_WARN_STRICT_PROTOTYPES = YES;
				CLANG_WARN_SUSPICIOUS_MOVE = YES;
				CLANG_WARN_UNGUARDED_AVAILABILITY = YES_AGGRESSIVE;
				CLANG_WARN_UNREACHABLE_CODE = YES;
				CLANG_WARN__DUPLICATE_METHOD_MATCH = YES;
				COPY_PHASE_STRIP = NO;
				DEBUG_INFORMATION_FORMAT = "dwarf-with-dsym";
				ENABLE_NS_ASSERTIONS = NO;
				ENABLE_STRICT_OBJC_MSGSEND = YES;
				GCC_C_LANGUAGE_STANDARD = gnu11;
				GCC_NO_COMMON_BLOCKS = YES;
				GCC_WARN_64_TO_32_BIT_CONVERSION = YES;
				GCC_WARN_ABOUT_RETURN_TYPE = YES_ERROR;
				GCC_WARN_UNDECLARED_SELECTOR = YES;
				GCC_WARN_UNINITIALIZED_AUTOS = YES_AGGRESSIVE;
				GCC_WARN_UNUSED_FUNCTION = YES;
				GCC_WARN_UNUSED_VARIABLE = YES;
				IPHONEOS_DEPLOYMENT_TARGET = 16.2;
				MTL_ENABLE_DEBUG_INFO = NO;
				MTL_FAST_MATH = YES;
				SDKROOT = iphoneos;
				SWIFT_COMPILATION_MODE = wholemodule;
				SWIFT_OPTIMIZATION_LEVEL = "-O";
				VALIDATE_PRODUCT = YES;
			};
			name = Release;
		};
		B804388B2A4D5BEC006610A4 /* Debug */ = {
			isa = XCBuildConfiguration;
			buildSettings = {
				ASSETCATALOG_COMPILER_APPICON_NAME = AppIcon;
				ASSETCATALOG_COMPILER_GLOBAL_ACCENT_COLOR_NAME = AccentColor;
				CODE_SIGN_IDENTITY = "Apple Development";
				CODE_SIGN_STYLE = Automatic;
				CURRENT_PROJECT_VERSION = 1;
				DEVELOPMENT_TEAM = J87VWLWXPU;
				GENERATE_INFOPLIST_FILE = YES;
				INFOPLIST_FILE = Player/Info.plist;
				INFOPLIST_KEY_LSSupportsOpeningDocumentsInPlace = YES;
				INFOPLIST_KEY_UIApplicationSupportsIndirectInputEvents = YES;
				INFOPLIST_KEY_UILaunchStoryboardName = LaunchScreen;
				INFOPLIST_KEY_UIMainStoryboardFile = Main;
				INFOPLIST_KEY_UIRequiredDeviceCapabilities = armv7;
				INFOPLIST_KEY_UISupportedInterfaceOrientations = "UIInterfaceOrientationPortrait UIInterfaceOrientationLandscapeLeft UIInterfaceOrientationLandscapeRight";
				INFOPLIST_KEY_UISupportedInterfaceOrientations_iPad = "UIInterfaceOrientationPortrait UIInterfaceOrientationPortraitUpsideDown UIInterfaceOrientationLandscapeLeft UIInterfaceOrientationLandscapeRight";
				INFOPLIST_KEY_UISupportedInterfaceOrientations_iPhone = "UIInterfaceOrientationPortrait UIInterfaceOrientationLandscapeLeft UIInterfaceOrientationLandscapeRight";
				INFOPLIST_KEY_WKRunsIndependentlyOfCompanionApp = YES;
				LD_RUNPATH_SEARCH_PATHS = (
					"$(inherited)",
					"@executable_path/Frameworks",
				);
				MARKETING_VERSION = 1.0;
				PRODUCT_BUNDLE_IDENTIFIER = SJB.Player.com;
				PRODUCT_NAME = "$(TARGET_NAME)";
				PROVISIONING_PROFILE_SPECIFIER = "";
				SWIFT_EMIT_LOC_STRINGS = YES;
				SWIFT_VERSION = 5.0;
				TARGETED_DEVICE_FAMILY = "1,2";
			};
			name = Debug;
		};
		B804388C2A4D5BEC006610A4 /* Release */ = {
			isa = XCBuildConfiguration;
			buildSettings = {
				ASSETCATALOG_COMPILER_APPICON_NAME = AppIcon;
				ASSETCATALOG_COMPILER_GLOBAL_ACCENT_COLOR_NAME = AccentColor;
				CODE_SIGN_IDENTITY = "Apple Development";
				CODE_SIGN_STYLE = Automatic;
				CURRENT_PROJECT_VERSION = 1;
				DEVELOPMENT_TEAM = J87VWLWXPU;
				GENERATE_INFOPLIST_FILE = YES;
				INFOPLIST_FILE = Player/Info.plist;
				INFOPLIST_KEY_LSSupportsOpeningDocumentsInPlace = YES;
				INFOPLIST_KEY_UIApplicationSupportsIndirectInputEvents = YES;
				INFOPLIST_KEY_UILaunchStoryboardName = LaunchScreen;
				INFOPLIST_KEY_UIMainStoryboardFile = Main;
				INFOPLIST_KEY_UIRequiredDeviceCapabilities = armv7;
				INFOPLIST_KEY_UISupportedInterfaceOrientations = "UIInterfaceOrientationPortrait UIInterfaceOrientationLandscapeLeft UIInterfaceOrientationLandscapeRight";
				INFOPLIST_KEY_UISupportedInterfaceOrientations_iPad = "UIInterfaceOrientationPortrait UIInterfaceOrientationPortraitUpsideDown UIInterfaceOrientationLandscapeLeft UIInterfaceOrientationLandscapeRight";
				INFOPLIST_KEY_UISupportedInterfaceOrientations_iPhone = "UIInterfaceOrientationPortrait UIInterfaceOrientationLandscapeLeft UIInterfaceOrientationLandscapeRight";
				INFOPLIST_KEY_WKRunsIndependentlyOfCompanionApp = YES;
				LD_RUNPATH_SEARCH_PATHS = (
					"$(inherited)",
					"@executable_path/Frameworks",
				);
				MARKETING_VERSION = 1.0;
				PRODUCT_BUNDLE_IDENTIFIER = SJB.Player.com;
				PRODUCT_NAME = "$(TARGET_NAME)";
				PROVISIONING_PROFILE_SPECIFIER = "";
				SWIFT_EMIT_LOC_STRINGS = YES;
				SWIFT_VERSION = 5.0;
				TARGETED_DEVICE_FAMILY = "1,2";
			};
			name = Release;
		};
/* End XCBuildConfiguration section */

/* Begin XCConfigurationList section */
		B80438712A4D5BE7006610A4 /* Build configuration list for PBXProject "Player" */ = {
			isa = XCConfigurationList;
			buildConfigurations = (
				B80438882A4D5BEC006610A4 /* Debug */,
				B80438892A4D5BEC006610A4 /* Release */,
			);
			defaultConfigurationIsVisible = 0;
			defaultConfigurationName = Release;
		};
		B804388A2A4D5BEC006610A4 /* Build configuration list for PBXNativeTarget "Player" */ = {
			isa = XCConfigurationList;
			buildConfigurations = (
				B804388B2A4D5BEC006610A4 /* Debug */,
				B804388C2A4D5BEC006610A4 /* Release */,
			);
			defaultConfigurationIsVisible = 0;
			defaultConfigurationName = Release;
		};
/* End XCConfigurationList section */
	};
	rootObject = B804386E2A4D5BE7006610A4 /* Project object */;
}
