// !$*UTF8*$!
{
	archiveVersion = 1;
	classes = {
	};
	objectVersion = 56;
	objects = {

/* Begin PBXBuildFile section */
		B847C533294E9F51001B8698 /* AppDelegate.swift in Sources */ = {isa = PBXBuildFile; fileRef = B847C532294E9F51001B8698 /* AppDelegate.swift */; };
		B847C535294E9F51001B8698 /* SceneDelegate.swift in Sources */ = {isa = PBXBuildFile; fileRef = B847C534294E9F51001B8698 /* SceneDelegate.swift */; };
		B847C53A294E9F51001B8698 /* Main.storyboard in Resources */ = {isa = PBXBuildFile; fileRef = B847C538294E9F51001B8698 /* Main.storyboard */; };
		B847C53C294E9F55001B8698 /* Assets.xcassets in Resources */ = {isa = PBXBuildFile; fileRef = B847C53B294E9F55001B8698 /* Assets.xcassets */; };
		B847C53F294E9F55001B8698 /* LaunchScreen.storyboard in Resources */ = {isa = PBXBuildFile; fileRef = B847C53D294E9F55001B8698 /* LaunchScreen.storyboard */; };
		B847C548294EA038001B8698 /* NewsListTableViewController.swift in Sources */ = {isa = PBXBuildFile; fileRef = B847C547294EA038001B8698 /* NewsListTableViewController.swift */; };
		B847C54B294EA4C4001B8698 /* WebServices.swift in Sources */ = {isa = PBXBuildFile; fileRef = B847C54A294EA4C4001B8698 /* WebServices.swift */; };
		B847C54E294EA82E001B8698 /* Article.swift in Sources */ = {isa = PBXBuildFile; fileRef = B847C54D294EA82E001B8698 /* Article.swift */; };
		B847C551295028BE001B8698 /* ArticleViewModel.swift in Sources */ = {isa = PBXBuildFile; fileRef = B847C550295028BE001B8698 /* ArticleViewModel.swift */; };
		B847C55429502EB9001B8698 /* ArticleTableViewCell.swift in Sources */ = {isa = PBXBuildFile; fileRef = B847C55329502EB9001B8698 /* ArticleTableViewCell.swift */; };
/* End PBXBuildFile section */

/* Begin PBXFileReference section */
		B847C52F294E9F51001B8698 /* GoodNews.app */ = {isa = PBXFileReference; explicitFileType = wrapper.application; includeInIndex = 0; path = GoodNews.app; sourceTree = BUILT_PRODUCTS_DIR; };
		B847C532294E9F51001B8698 /* AppDelegate.swift */ = {isa = PBXFileReference; lastKnownFileType = sourcecode.swift; path = AppDelegate.swift; sourceTree = "<group>"; };
		B847C534294E9F51001B8698 /* SceneDelegate.swift */ = {isa = PBXFileReference; lastKnownFileType = sourcecode.swift; path = SceneDelegate.swift; sourceTree = "<group>"; };
		B847C539294E9F51001B8698 /* Base */ = {isa = PBXFileReference; lastKnownFileType = file.storyboard; name = Base; path = Base.lproj/Main.storyboard; sourceTree = "<group>"; };
		B847C53B294E9F55001B8698 /* Assets.xcassets */ = {isa = PBXFileReference; lastKnownFileType = folder.assetcatalog; path = Assets.xcassets; sourceTree = "<group>"; };
		B847C53E294E9F55001B8698 /* Base */ = {isa = PBXFileReference; lastKnownFileType = file.storyboard; name = Base; path = Base.lproj/LaunchScreen.storyboard; sourceTree = "<group>"; };
		B847C540294E9F55001B8698 /* Info.plist */ = {isa = PBXFileReference; lastKnownFileType = text.plist.xml; path = Info.plist; sourceTree = "<group>"; };
		B847C547294EA038001B8698 /* NewsListTableViewController.swift */ = {isa = PBXFileReference; lastKnownFileType = sourcecode.swift; path = NewsListTableViewController.swift; sourceTree = "<group>"; };
		B847C54A294EA4C4001B8698 /* WebServices.swift */ = {isa = PBXFileReference; lastKnownFileType = sourcecode.swift; path = WebServices.swift; sourceTree = "<group>"; };
		B847C54D294EA82E001B8698 /* Article.swift */ = {isa = PBXFileReference; lastKnownFileType = sourcecode.swift; path = Article.swift; sourceTree = "<group>"; };
		B847C550295028BE001B8698 /* ArticleViewModel.swift */ = {isa = PBXFileReference; lastKnownFileType = sourcecode.swift; path = ArticleViewModel.swift; sourceTree = "<group>"; };
		B847C55329502EB9001B8698 /* ArticleTableViewCell.swift */ = {isa = PBXFileReference; lastKnownFileType = sourcecode.swift; path = ArticleTableViewCell.swift; sourceTree = "<group>"; };
/* End PBXFileReference section */

/* Begin PBXFrameworksBuildPhase section */
		B847C52C294E9F51001B8698 /* Frameworks */ = {
			isa = PBXFrameworksBuildPhase;
			buildActionMask = 2147483647;
			files = (
			);
			runOnlyForDeploymentPostprocessing = 0;
		};
/* End PBXFrameworksBuildPhase section */

/* Begin PBXGroup section */
		B847C526294E9F51001B8698 = {
			isa = PBXGroup;
			children = (
				B847C531294E9F51001B8698 /* GoodNews */,
				B847C530294E9F51001B8698 /* Products */,
			);
			sourceTree = "<group>";
		};
		B847C530294E9F51001B8698 /* Products */ = {
			isa = PBXGroup;
			children = (
				B847C52F294E9F51001B8698 /* GoodNews.app */,
			);
			name = Products;
			sourceTree = "<group>";
		};
		B847C531294E9F51001B8698 /* GoodNews */ = {
			isa = PBXGroup;
			children = (
				B847C55229502EA5001B8698 /* Cells */,
				B847C54F295028A1001B8698 /* ViewModels */,
				B847C54C294EA7FA001B8698 /* Models */,
				B847C549294EA4B1001B8698 /* Services */,
				B847C546294E9FF4001B8698 /* Controllers */,
				B847C538294E9F51001B8698 /* Main.storyboard */,
				B847C534294E9F51001B8698 /* SceneDelegate.swift */,
				B847C532294E9F51001B8698 /* AppDelegate.swift */,
				B847C53B294E9F55001B8698 /* Assets.xcassets */,
				B847C53D294E9F55001B8698 /* LaunchScreen.storyboard */,
				B847C540294E9F55001B8698 /* Info.plist */,
			);
			path = GoodNews;
			sourceTree = "<group>";
		};
		B847C546294E9FF4001B8698 /* Controllers */ = {
			isa = PBXGroup;
			children = (
				B847C547294EA038001B8698 /* NewsListTableViewController.swift */,
			);
			path = Controllers;
			sourceTree = "<group>";
		};
		B847C549294EA4B1001B8698 /* Services */ = {
			isa = PBXGroup;
			children = (
				B847C54A294EA4C4001B8698 /* WebServices.swift */,
			);
			path = Services;
			sourceTree = "<group>";
		};
		B847C54C294EA7FA001B8698 /* Models */ = {
			isa = PBXGroup;
			children = (
				B847C54D294EA82E001B8698 /* Article.swift */,
			);
			path = Models;
			sourceTree = "<group>";
		};
		B847C54F295028A1001B8698 /* ViewModels */ = {
			isa = PBXGroup;
			children = (
				B847C550295028BE001B8698 /* ArticleViewModel.swift */,
			);
			path = ViewModels;
			sourceTree = "<group>";
		};
		B847C55229502EA5001B8698 /* Cells */ = {
			isa = PBXGroup;
			children = (
				B847C55329502EB9001B8698 /* ArticleTableViewCell.swift */,
			);
			path = Cells;
			sourceTree = "<group>";
		};
/* End PBXGroup section */

/* Begin PBXNativeTarget section */
		B847C52E294E9F51001B8698 /* GoodNews */ = {
			isa = PBXNativeTarget;
			buildConfigurationList = B847C543294E9F55001B8698 /* Build configuration list for PBXNativeTarget "GoodNews" */;
			buildPhases = (
				B847C52B294E9F51001B8698 /* Sources */,
				B847C52C294E9F51001B8698 /* Frameworks */,
				B847C52D294E9F51001B8698 /* Resources */,
			);
			buildRules = (
			);
			dependencies = (
			);
			name = GoodNews;
			productName = GoodNews;
			productReference = B847C52F294E9F51001B8698 /* GoodNews.app */;
			productType = "com.apple.product-type.application";
		};
/* End PBXNativeTarget section */

/* Begin PBXProject section */
		B847C527294E9F51001B8698 /* Project object */ = {
			isa = PBXProject;
			attributes = {
				BuildIndependentTargetsInParallel = 1;
				LastSwiftUpdateCheck = 1410;
				LastUpgradeCheck = 1410;
				TargetAttributes = {
					B847C52E294E9F51001B8698 = {
						CreatedOnToolsVersion = 14.1;
					};
				};
			};
			buildConfigurationList = B847C52A294E9F51001B8698 /* Build configuration list for PBXProject "GoodNews" */;
			compatibilityVersion = "Xcode 14.0";
			developmentRegion = en;
			hasScannedForEncodings = 0;
			knownRegions = (
				en,
				Base,
			);
			mainGroup = B847C526294E9F51001B8698;
			productRefGroup = B847C530294E9F51001B8698 /* Products */;
			projectDirPath = "";
			projectRoot = "";
			targets = (
				B847C52E294E9F51001B8698 /* GoodNews */,
			);
		};
/* End PBXProject section */

/* Begin PBXResourcesBuildPhase section */
		B847C52D294E9F51001B8698 /* Resources */ = {
			isa = PBXResourcesBuildPhase;
			buildActionMask = 2147483647;
			files = (
				B847C53F294E9F55001B8698 /* LaunchScreen.storyboard in Resources */,
				B847C53C294E9F55001B8698 /* Assets.xcassets in Resources */,
				B847C53A294E9F51001B8698 /* Main.storyboard in Resources */,
			);
			runOnlyForDeploymentPostprocessing = 0;
		};
/* End PBXResourcesBuildPhase section */

/* Begin PBXSourcesBuildPhase section */
		B847C52B294E9F51001B8698 /* Sources */ = {
			isa = PBXSourcesBuildPhase;
			buildActionMask = 2147483647;
			files = (
				B847C533294E9F51001B8698 /* AppDelegate.swift in Sources */,
				B847C548294EA038001B8698 /* NewsListTableViewController.swift in Sources */,
				B847C54B294EA4C4001B8698 /* WebServices.swift in Sources */,
				B847C551295028BE001B8698 /* ArticleViewModel.swift in Sources */,
				B847C535294E9F51001B8698 /* SceneDelegate.swift in Sources */,
				B847C55429502EB9001B8698 /* ArticleTableViewCell.swift in Sources */,
				B847C54E294EA82E001B8698 /* Article.swift in Sources */,
			);
			runOnlyForDeploymentPostprocessing = 0;
		};
/* End PBXSourcesBuildPhase section */

/* Begin PBXVariantGroup section */
		B847C538294E9F51001B8698 /* Main.storyboard */ = {
			isa = PBXVariantGroup;
			children = (
				B847C539294E9F51001B8698 /* Base */,
			);
			name = Main.storyboard;
			sourceTree = "<group>";
		};
		B847C53D294E9F55001B8698 /* LaunchScreen.storyboard */ = {
			isa = PBXVariantGroup;
			children = (
				B847C53E294E9F55001B8698 /* Base */,
			);
			name = LaunchScreen.storyboard;
			sourceTree = "<group>";
		};
/* End PBXVariantGroup section */

/* Begin XCBuildConfiguration section */
		B847C541294E9F55001B8698 /* Debug */ = {
			isa = XCBuildConfiguration;
			buildSettings = {
				ALWAYS_SEARCH_USER_PATHS = NO;
				CLANG_ANALYZER_NONNULL = YES;
				CLANG_ANALYZER_NUMBER_OBJECT_CONVERSION = YES_AGGRESSIVE;
				CLANG_CXX_LANGUAGE_STANDARD = "gnu++20";
				CLANG_ENABLE_MODULES = YES;
				CLANG_ENABLE_OBJC_ARC = YES;
				CLANG_ENABLE_OBJC_WEAK = YES;
				CLANG_WARN_BLOCK_CAPTURE_AUTORELEASING = YES;
				CLANG_WARN_BOOL_CONVERSION = YES;
				CLANG_WARN_COMMA = YES;
				CLANG_WARN_CONSTANT_CONVERSION = YES;
				CLANG_WARN_DEPRECATED_OBJC_IMPLEMENTATIONS = YES;
				CLANG_WARN_DIRECT_OBJC_ISA_USAGE = YES_ERROR;
				CLANG_WARN_DOCUMENTATION_COMMENTS = YES;
				CLANG_WARN_EMPTY_BODY = YES;
				CLANG_WARN_ENUM_CONVERSION = YES;
				CLANG_WARN_INFINITE_RECURSION = YES;
				CLANG_WARN_INT_CONVERSION = YES;
				CLANG_WARN_NON_LITERAL_NULL_CONVERSION = YES;
				CLANG_WARN_OBJC_IMPLICIT_RETAIN_SELF = YES;
				CLANG_WARN_OBJC_LITERAL_CONVERSION = YES;
				CLANG_WARN_OBJC_ROOT_CLASS = YES_ERROR;
				CLANG_WARN_QUOTED_INCLUDE_IN_FRAMEWORK_HEADER = YES;
				CLANG_WARN_RANGE_LOOP_ANALYSIS = YES;
				CLANG_WARN_STRICT_PROTOTYPES = YES;
				CLANG_WARN_SUSPICIOUS_MOVE = YES;
				CLANG_WARN_UNGUARDED_AVAILABILITY = YES_AGGRESSIVE;
				CLANG_WARN_UNREACHABLE_CODE = YES;
				CLANG_WARN__DUPLICATE_METHOD_MATCH = YES;
				COPY_PHASE_STRIP = NO;
				DEBUG_INFORMATION_FORMAT = dwarf;
				ENABLE_STRICT_OBJC_MSGSEND = YES;
				ENABLE_TESTABILITY = YES;
				GCC_C_LANGUAGE_STANDARD = gnu11;
				GCC_DYNAMIC_NO_PIC = NO;
				GCC_NO_COMMON_BLOCKS = YES;
				GCC_OPTIMIZATION_LEVEL = 0;
				GCC_PREPROCESSOR_DEFINITIONS = (
					"DEBUG=1",
					"$(inherited)",
				);
				GCC_WARN_64_TO_32_BIT_CONVERSION = YES;
				GCC_WARN_ABOUT_RETURN_TYPE = YES_ERROR;
				GCC_WARN_UNDECLARED_SELECTOR = YES;
				GCC_WARN_UNINITIALIZED_AUTOS = YES_AGGRESSIVE;
				GCC_WARN_UNUSED_FUNCTION = YES;
				GCC_WARN_UNUSED_VARIABLE = YES;
				IPHONEOS_DEPLOYMENT_TARGET = 16.1;
				MTL_ENABLE_DEBUG_INFO = INCLUDE_SOURCE;
				MTL_FAST_MATH = YES;
				ONLY_ACTIVE_ARCH = YES;
				SDKROOT = iphoneos;
				SWIFT_ACTIVE_COMPILATION_CONDITIONS = DEBUG;
				SWIFT_OPTIMIZATION_LEVEL = "-Onone";
			};
			name = Debug;
		};
		B847C542294E9F55001B8698 /* Release */ = {
			isa = XCBuildConfiguration;
			buildSettings = {
				ALWAYS_SEARCH_USER_PATHS = NO;
				CLANG_ANALYZER_NONNULL = YES;
				CLANG_ANALYZER_NUMBER_OBJECT_CONVERSION = YES_AGGRESSIVE;
				CLANG_CXX_LANGUAGE_STANDARD = "gnu++20";
				CLANG_ENABLE_MODULES = YES;
				CLANG_ENABLE_OBJC_ARC = YES;
				CLANG_ENABLE_OBJC_WEAK = YES;
				CLANG_WARN_BLOCK_CAPTURE_AUTORELEASING = YES;
				CLANG_WARN_BOOL_CONVERSION = YES;
				CLANG_WARN_COMMA = YES;
				CLANG_WARN_CONSTANT_CONVERSION = YES;
				CLANG_WARN_DEPRECATED_OBJC_IMPLEMENTATIONS = YES;
				CLANG_WARN_DIRECT_OBJC_ISA_USAGE = YES_ERROR;
				CLANG_WARN_DOCUMENTATION_COMMENTS = YES;
				CLANG_WARN_EMPTY_BODY = YES;
				CLANG_WARN_ENUM_CONVERSION = YES;
				CLANG_WARN_INFINITE_RECURSION = YES;
				CLANG_WARN_INT_CONVERSION = YES;
				CLANG_WARN_NON_LITERAL_NULL_CONVERSION = YES;
				CLANG_WARN_OBJC_IMPLICIT_RETAIN_SELF = YES;
				CLANG_WARN_OBJC_LITERAL_CONVERSION = YES;
				CLANG_WARN_OBJC_ROOT_CLASS = YES_ERROR;
				CLANG_WARN_QUOTED_INCLUDE_IN_FRAMEWORK_HEADER = YES;
				CLANG_WARN_RANGE_LOOP_ANALYSIS = YES;
				CLANG_WARN_STRICT_PROTOTYPES = YES;
				CLANG_WARN_SUSPICIOUS_MOVE = YES;
				CLANG_WARN_UNGUARDED_AVAILABILITY = YES_AGGRESSIVE;
				CLANG_WARN_UNREACHABLE_CODE = YES;
				CLANG_WARN__DUPLICATE_METHOD_MATCH = YES;
				COPY_PHASE_STRIP = NO;
				DEBUG_INFORMATION_FORMAT = "dwarf-with-dsym";
				ENABLE_NS_ASSERTIONS = NO;
				ENABLE_STRICT_OBJC_MSGSEND = YES;
				GCC_C_LANGUAGE_STANDARD = gnu11;
				GCC_NO_COMMON_BLOCKS = YES;
				GCC_WARN_64_TO_32_BIT_CONVERSION = YES;
				GCC_WARN_ABOUT_RETURN_TYPE = YES_ERROR;
				GCC_WARN_UNDECLARED_SELECTOR = YES;
				GCC_WARN_UNINITIALIZED_AUTOS = YES_AGGRESSIVE;
				GCC_WARN_UNUSED_FUNCTION = YES;
				GCC_WARN_UNUSED_VARIABLE = YES;
				IPHONEOS_DEPLOYMENT_TARGET = 16.1;
				MTL_ENABLE_DEBUG_INFO = NO;
				MTL_FAST_MATH = YES;
				SDKROOT = iphoneos;
				SWIFT_COMPILATION_MODE = wholemodule;
				SWIFT_OPTIMIZATION_LEVEL = "-O";
				VALIDATE_PRODUCT = YES;
			};
			name = Release;
		};
		B847C544294E9F55001B8698 /* Debug */ = {
			isa = XCBuildConfiguration;
			buildSettings = {
				ASSETCATALOG_COMPILER_APPICON_NAME = AppIcon;
				ASSETCATALOG_COMPILER_GLOBAL_ACCENT_COLOR_NAME = AccentColor;
				CODE_SIGN_STYLE = Automatic;
				CURRENT_PROJECT_VERSION = 1;
				DEVELOPMENT_TEAM = J87VWLWXPU;
				GENERATE_INFOPLIST_FILE = YES;
				INFOPLIST_FILE = GoodNews/Info.plist;
				INFOPLIST_KEY_UIApplicationSupportsIndirectInputEvents = YES;
				INFOPLIST_KEY_UILaunchStoryboardName = LaunchScreen;
				INFOPLIST_KEY_UIMainStoryboardFile = Main;
				INFOPLIST_KEY_UISupportedInterfaceOrientations_iPad = "UIInterfaceOrientationPortrait UIInterfaceOrientationPortraitUpsideDown UIInterfaceOrientationLandscapeLeft UIInterfaceOrientationLandscapeRight";
				INFOPLIST_KEY_UISupportedInterfaceOrientations_iPhone = "UIInterfaceOrientationPortrait UIInterfaceOrientationLandscapeLeft UIInterfaceOrientationLandscapeRight";
				LD_RUNPATH_SEARCH_PATHS = (
					"$(inherited)",
					"@executable_path/Frameworks",
				);
				MARKETING_VERSION = 1.0;
				PRODUCT_BUNDLE_IDENTIFIER = SJB.GoodNews;
				PRODUCT_NAME = "$(TARGET_NAME)";
				SWIFT_EMIT_LOC_STRINGS = YES;
				SWIFT_VERSION = 5.0;
				TARGETED_DEVICE_FAMILY = "1,2";
			};
			name = Debug;
		};
		B847C545294E9F55001B8698 /* Release */ = {
			isa = XCBuildConfiguration;
			buildSettings = {
				ASSETCATALOG_COMPILER_APPICON_NAME = AppIcon;
				ASSETCATALOG_COMPILER_GLOBAL_ACCENT_COLOR_NAME = AccentColor;
				CODE_SIGN_STYLE = Automatic;
				CURRENT_PROJECT_VERSION = 1;
				DEVELOPMENT_TEAM = J87VWLWXPU;
				GENERATE_INFOPLIST_FILE = YES;
				INFOPLIST_FILE = GoodNews/Info.plist;
				INFOPLIST_KEY_UIApplicationSupportsIndirectInputEvents = YES;
				INFOPLIST_KEY_UILaunchStoryboardName = LaunchScreen;
				INFOPLIST_KEY_UIMainStoryboardFile = Main;
				INFOPLIST_KEY_UISupportedInterfaceOrientations_iPad = "UIInterfaceOrientationPortrait UIInterfaceOrientationPortraitUpsideDown UIInterfaceOrientationLandscapeLeft UIInterfaceOrientationLandscapeRight";
				INFOPLIST_KEY_UISupportedInterfaceOrientations_iPhone = "UIInterfaceOrientationPortrait UIInterfaceOrientationLandscapeLeft UIInterfaceOrientationLandscapeRight";
				LD_RUNPATH_SEARCH_PATHS = (
					"$(inherited)",
					"@executable_path/Frameworks",
				);
				MARKETING_VERSION = 1.0;
				PRODUCT_BUNDLE_IDENTIFIER = SJB.GoodNews;
				PRODUCT_NAME = "$(TARGET_NAME)";
				SWIFT_EMIT_LOC_STRINGS = YES;
				SWIFT_VERSION = 5.0;
				TARGETED_DEVICE_FAMILY = "1,2";
			};
			name = Release;
		};
/* End XCBuildConfiguration section */

/* Begin XCConfigurationList section */
		B847C52A294E9F51001B8698 /* Build configuration list for PBXProject "GoodNews" */ = {
			isa = XCConfigurationList;
			buildConfigurations = (
				B847C541294E9F55001B8698 /* Debug */,
				B847C542294E9F55001B8698 /* Release */,
			);
			defaultConfigurationIsVisible = 0;
			defaultConfigurationName = Release;
		};
		B847C543294E9F55001B8698 /* Build configuration list for PBXNativeTarget "GoodNews" */ = {
			isa = XCConfigurationList;
			buildConfigurations = (
				B847C544294E9F55001B8698 /* Debug */,
				B847C545294E9F55001B8698 /* Release */,
			);
			defaultConfigurationIsVisible = 0;
			defaultConfigurationName = Release;
		};
/* End XCConfigurationList section */
	};
	rootObject = B847C527294E9F51001B8698 /* Project object */;
}
