// !$*UTF8*$!
{
	archiveVersion = 1;
	classes = {
	};
	objectVersion = 55;
	objects = {

/* Begin PBXBuildFile section */
		B80CE289284611BE000D67B7 /* CropImageViewController.swift in Sources */ = {isa = PBXBuildFile; fileRef = B80CE288284611BE000D67B7 /* CropImageViewController.swift */; };
		B87978A62845E919008F9157 /* CropView.swift in Sources */ = {isa = PBXBuildFile; fileRef = B87978A52845E919008F9157 /* CropView.swift */; };
		B87D21E72800024E00068C1A /* AppDelegate.swift in Sources */ = {isa = PBXBuildFile; fileRef = B87D21E62800024E00068C1A /* AppDelegate.swift */; };
		B87D21E92800024E00068C1A /* SceneDelegate.swift in Sources */ = {isa = PBXBuildFile; fileRef = B87D21E82800024E00068C1A /* SceneDelegate.swift */; };
		B87D21EB2800024E00068C1A /* ImageViewController.swift in Sources */ = {isa = PBXBuildFile; fileRef = B87D21EA2800024E00068C1A /* ImageViewController.swift */; };
		B87D21EE2800024E00068C1A /* Main.storyboard in Resources */ = {isa = PBXBuildFile; fileRef = B87D21EC2800024E00068C1A /* Main.storyboard */; };
		B87D21F12800024E00068C1A /* UploadProfileImagePOC.xcdatamodeld in Sources */ = {isa = PBXBuildFile; fileRef = B87D21EF2800024E00068C1A /* UploadProfileImagePOC.xcdatamodeld */; };
		B87D21F32800025100068C1A /* Assets.xcassets in Resources */ = {isa = PBXBuildFile; fileRef = B87D21F22800025100068C1A /* Assets.xcassets */; };
		B87D21F62800025100068C1A /* LaunchScreen.storyboard in Resources */ = {isa = PBXBuildFile; fileRef = B87D21F42800025100068C1A /* LaunchScreen.storyboard */; };
/* End PBXBuildFile section */

/* Begin PBXFileReference section */
		B80CE288284611BE000D67B7 /* CropImageViewController.swift */ = {isa = PBXFileReference; lastKnownFileType = sourcecode.swift; path = CropImageViewController.swift; sourceTree = "<group>"; };
		B87978A52845E919008F9157 /* CropView.swift */ = {isa = PBXFileReference; lastKnownFileType = sourcecode.swift; path = CropView.swift; sourceTree = "<group>"; };
		B87D21E32800024E00068C1A /* UploadProfileImagePOC.app */ = {isa = PBXFileReference; explicitFileType = wrapper.application; includeInIndex = 0; path = UploadProfileImagePOC.app; sourceTree = BUILT_PRODUCTS_DIR; };
		B87D21E62800024E00068C1A /* AppDelegate.swift */ = {isa = PBXFileReference; lastKnownFileType = sourcecode.swift; path = AppDelegate.swift; sourceTree = "<group>"; };
		B87D21E82800024E00068C1A /* SceneDelegate.swift */ = {isa = PBXFileReference; lastKnownFileType = sourcecode.swift; path = SceneDelegate.swift; sourceTree = "<group>"; };
		B87D21EA2800024E00068C1A /* ImageViewController.swift */ = {isa = PBXFileReference; lastKnownFileType = sourcecode.swift; path = ImageViewController.swift; sourceTree = "<group>"; };
		B87D21ED2800024E00068C1A /* Base */ = {isa = PBXFileReference; lastKnownFileType = file.storyboard; name = Base; path = Base.lproj/Main.storyboard; sourceTree = "<group>"; };
		B87D21F02800024E00068C1A /* UploadProfileImagePOC.xcdatamodel */ = {isa = PBXFileReference; lastKnownFileType = wrapper.xcdatamodel; path = UploadProfileImagePOC.xcdatamodel; sourceTree = "<group>"; };
		B87D21F22800025100068C1A /* Assets.xcassets */ = {isa = PBXFileReference; lastKnownFileType = folder.assetcatalog; path = Assets.xcassets; sourceTree = "<group>"; };
		B87D21F52800025100068C1A /* Base */ = {isa = PBXFileReference; lastKnownFileType = file.storyboard; name = Base; path = Base.lproj/LaunchScreen.storyboard; sourceTree = "<group>"; };
		B87D21F72800025100068C1A /* Info.plist */ = {isa = PBXFileReference; lastKnownFileType = text.plist.xml; path = Info.plist; sourceTree = "<group>"; };
/* End PBXFileReference section */

/* Begin PBXFrameworksBuildPhase section */
		B87D21E02800024E00068C1A /* Frameworks */ = {
			isa = PBXFrameworksBuildPhase;
			buildActionMask = 2147483647;
			files = (
			);
			runOnlyForDeploymentPostprocessing = 0;
		};
/* End PBXFrameworksBuildPhase section */

/* Begin PBXGroup section */
		B87D21DA2800024E00068C1A = {
			isa = PBXGroup;
			children = (
				B87D21E52800024E00068C1A /* UploadProfileImagePOC */,
				B87D21E42800024E00068C1A /* Products */,
			);
			sourceTree = "<group>";
		};
		B87D21E42800024E00068C1A /* Products */ = {
			isa = PBXGroup;
			children = (
				B87D21E32800024E00068C1A /* UploadProfileImagePOC.app */,
			);
			name = Products;
			sourceTree = "<group>";
		};
		B87D21E52800024E00068C1A /* UploadProfileImagePOC */ = {
			isa = PBXGroup;
			children = (
				B87D21E62800024E00068C1A /* AppDelegate.swift */,
				B87D21E82800024E00068C1A /* SceneDelegate.swift */,
				B87D21EA2800024E00068C1A /* ImageViewController.swift */,
				B80CE288284611BE000D67B7 /* CropImageViewController.swift */,
				B87D21EC2800024E00068C1A /* Main.storyboard */,
				B87978A52845E919008F9157 /* CropView.swift */,
				B87D21F22800025100068C1A /* Assets.xcassets */,
				B87D21F42800025100068C1A /* LaunchScreen.storyboard */,
				B87D21F72800025100068C1A /* Info.plist */,
				B87D21EF2800024E00068C1A /* UploadProfileImagePOC.xcdatamodeld */,
			);
			path = UploadProfileImagePOC;
			sourceTree = "<group>";
		};
/* End PBXGroup section */

/* Begin PBXNativeTarget section */
		B87D21E22800024E00068C1A /* UploadProfileImagePOC */ = {
			isa = PBXNativeTarget;
			buildConfigurationList = B87D21FA2800025100068C1A /* Build configuration list for PBXNativeTarget "UploadProfileImagePOC" */;
			buildPhases = (
				B87D21DF2800024E00068C1A /* Sources */,
				B87D21E02800024E00068C1A /* Frameworks */,
				B87D21E12800024E00068C1A /* Resources */,
			);
			buildRules = (
			);
			dependencies = (
			);
			name = UploadProfileImagePOC;
			productName = UploadProfileImagePOC;
			productReference = B87D21E32800024E00068C1A /* UploadProfileImagePOC.app */;
			productType = "com.apple.product-type.application";
		};
/* End PBXNativeTarget section */

/* Begin PBXProject section */
		B87D21DB2800024E00068C1A /* Project object */ = {
			isa = PBXProject;
			attributes = {
				BuildIndependentTargetsInParallel = 1;
				LastSwiftUpdateCheck = 1320;
				LastUpgradeCheck = 1320;
				TargetAttributes = {
					B87D21E22800024E00068C1A = {
						CreatedOnToolsVersion = 13.2.1;
					};
				};
			};
			buildConfigurationList = B87D21DE2800024E00068C1A /* Build configuration list for PBXProject "UploadProfileImagePOC" */;
			compatibilityVersion = "Xcode 13.0";
			developmentRegion = en;
			hasScannedForEncodings = 0;
			knownRegions = (
				en,
				Base,
			);
			mainGroup = B87D21DA2800024E00068C1A;
			productRefGroup = B87D21E42800024E00068C1A /* Products */;
			projectDirPath = "";
			projectRoot = "";
			targets = (
				B87D21E22800024E00068C1A /* UploadProfileImagePOC */,
			);
		};
/* End PBXProject section */

/* Begin PBXResourcesBuildPhase section */
		B87D21E12800024E00068C1A /* Resources */ = {
			isa = PBXResourcesBuildPhase;
			buildActionMask = 2147483647;
			files = (
				B87D21F62800025100068C1A /* LaunchScreen.storyboard in Resources */,
				B87D21F32800025100068C1A /* Assets.xcassets in Resources */,
				B87D21EE2800024E00068C1A /* Main.storyboard in Resources */,
			);
			runOnlyForDeploymentPostprocessing = 0;
		};
/* End PBXResourcesBuildPhase section */

/* Begin PBXSourcesBuildPhase section */
		B87D21DF2800024E00068C1A /* Sources */ = {
			isa = PBXSourcesBuildPhase;
			buildActionMask = 2147483647;
			files = (
				B87D21EB2800024E00068C1A /* ImageViewController.swift in Sources */,
				B87D21F12800024E00068C1A /* UploadProfileImagePOC.xcdatamodeld in Sources */,
				B87D21E72800024E00068C1A /* AppDelegate.swift in Sources */,
				B87D21E92800024E00068C1A /* SceneDelegate.swift in Sources */,
				B80CE289284611BE000D67B7 /* CropImageViewController.swift in Sources */,
				B87978A62845E919008F9157 /* CropView.swift in Sources */,
			);
			runOnlyForDeploymentPostprocessing = 0;
		};
/* End PBXSourcesBuildPhase section */

/* Begin PBXVariantGroup section */
		B87D21EC2800024E00068C1A /* Main.storyboard */ = {
			isa = PBXVariantGroup;
			children = (
				B87D21ED2800024E00068C1A /* Base */,
			);
			name = Main.storyboard;
			sourceTree = "<group>";
		};
		B87D21F42800025100068C1A /* LaunchScreen.storyboard */ = {
			isa = PBXVariantGroup;
			children = (
				B87D21F52800025100068C1A /* Base */,
			);
			name = LaunchScreen.storyboard;
			sourceTree = "<group>";
		};
/* End PBXVariantGroup section */

/* Begin XCBuildConfiguration section */
		B87D21F82800025100068C1A /* Debug */ = {
			isa = XCBuildConfiguration;
			buildSettings = {
				ALWAYS_SEARCH_USER_PATHS = NO;
				CLANG_ANALYZER_NONNULL = YES;
				CLANG_ANALYZER_NUMBER_OBJECT_CONVERSION = YES_AGGRESSIVE;
				CLANG_CXX_LANGUAGE_STANDARD = "gnu++17";
				CLANG_CXX_LIBRARY = "libc++";
				CLANG_ENABLE_MODULES = YES;
				CLANG_ENABLE_OBJC_ARC = YES;
				CLANG_ENABLE_OBJC_WEAK = YES;
				CLANG_WARN_BLOCK_CAPTURE_AUTORELEASING = YES;
				CLANG_WARN_BOOL_CONVERSION = YES;
				CLANG_WARN_COMMA = YES;
				CLANG_WARN_CONSTANT_CONVERSION = YES;
				CLANG_WARN_DEPRECATED_OBJC_IMPLEMENTATIONS = YES;
				CLANG_WARN_DIRECT_OBJC_ISA_USAGE = YES_ERROR;
				CLANG_WARN_DOCUMENTATION_COMMENTS = YES;
				CLANG_WARN_EMPTY_BODY = YES;
				CLANG_WARN_ENUM_CONVERSION = YES;
				CLANG_WARN_INFINITE_RECURSION = YES;
				CLANG_WARN_INT_CONVERSION = YES;
				CLANG_WARN_NON_LITERAL_NULL_CONVERSION = YES;
				CLANG_WARN_OBJC_IMPLICIT_RETAIN_SELF = YES;
				CLANG_WARN_OBJC_LITERAL_CONVERSION = YES;
				CLANG_WARN_OBJC_ROOT_CLASS = YES_ERROR;
				CLANG_WARN_QUOTED_INCLUDE_IN_FRAMEWORK_HEADER = YES;
				CLANG_WARN_RANGE_LOOP_ANALYSIS = YES;
				CLANG_WARN_STRICT_PROTOTYPES = YES;
				CLANG_WARN_SUSPICIOUS_MOVE = YES;
				CLANG_WARN_UNGUARDED_AVAILABILITY = YES_AGGRESSIVE;
				CLANG_WARN_UNREACHABLE_CODE = YES;
				CLANG_WARN__DUPLICATE_METHOD_MATCH = YES;
				COPY_PHASE_STRIP = NO;
				DEBUG_INFORMATION_FORMAT = dwarf;
				ENABLE_STRICT_OBJC_MSGSEND = YES;
				ENABLE_TESTABILITY = YES;
				GCC_C_LANGUAGE_STANDARD = gnu11;
				GCC_DYNAMIC_NO_PIC = NO;
				GCC_NO_COMMON_BLOCKS = YES;
				GCC_OPTIMIZATION_LEVEL = 0;
				GCC_PREPROCESSOR_DEFINITIONS = (
					"DEBUG=1",
					"$(inherited)",
				);
				GCC_WARN_64_TO_32_BIT_CONVERSION = YES;
				GCC_WARN_ABOUT_RETURN_TYPE = YES_ERROR;
				GCC_WARN_UNDECLARED_SELECTOR = YES;
				GCC_WARN_UNINITIALIZED_AUTOS = YES_AGGRESSIVE;
				GCC_WARN_UNUSED_FUNCTION = YES;
				GCC_WARN_UNUSED_VARIABLE = YES;
				IPHONEOS_DEPLOYMENT_TARGET = 15.2;
				MTL_ENABLE_DEBUG_INFO = INCLUDE_SOURCE;
				MTL_FAST_MATH = YES;
				ONLY_ACTIVE_ARCH = YES;
				SDKROOT = iphoneos;
				SWIFT_ACTIVE_COMPILATION_CONDITIONS = DEBUG;
				SWIFT_OPTIMIZATION_LEVEL = "-Onone";
			};
			name = Debug;
		};
		B87D21F92800025100068C1A /* Release */ = {
			isa = XCBuildConfiguration;
			buildSettings = {
				ALWAYS_SEARCH_USER_PATHS = NO;
				CLANG_ANALYZER_NONNULL = YES;
				CLANG_ANALYZER_NUMBER_OBJECT_CONVERSION = YES_AGGRESSIVE;
				CLANG_CXX_LANGUAGE_STANDARD = "gnu++17";
				CLANG_CXX_LIBRARY = "libc++";
				CLANG_ENABLE_MODULES = YES;
				CLANG_ENABLE_OBJC_ARC = YES;
				CLANG_ENABLE_OBJC_WEAK = YES;
				CLANG_WARN_BLOCK_CAPTURE_AUTORELEASING = YES;
				CLANG_WARN_BOOL_CONVERSION = YES;
				CLANG_WARN_COMMA = YES;
				CLANG_WARN_CONSTANT_CONVERSION = YES;
				CLANG_WARN_DEPRECATED_OBJC_IMPLEMENTATIONS = YES;
				CLANG_WARN_DIRECT_OBJC_ISA_USAGE = YES_ERROR;
				CLANG_WARN_DOCUMENTATION_COMMENTS = YES;
				CLANG_WARN_EMPTY_BODY = YES;
				CLANG_WARN_ENUM_CONVERSION = YES;
				CLANG_WARN_INFINITE_RECURSION = YES;
				CLANG_WARN_INT_CONVERSION = YES;
				CLANG_WARN_NON_LITERAL_NULL_CONVERSION = YES;
				CLANG_WARN_OBJC_IMPLICIT_RETAIN_SELF = YES;
				CLANG_WARN_OBJC_LITERAL_CONVERSION = YES;
				CLANG_WARN_OBJC_ROOT_CLASS = YES_ERROR;
				CLANG_WARN_QUOTED_INCLUDE_IN_FRAMEWORK_HEADER = YES;
				CLANG_WARN_RANGE_LOOP_ANALYSIS = YES;
				CLANG_WARN_STRICT_PROTOTYPES = YES;
				CLANG_WARN_SUSPICIOUS_MOVE = YES;
				CLANG_WARN_UNGUARDED_AVAILABILITY = YES_AGGRESSIVE;
				CLANG_WARN_UNREACHABLE_CODE = YES;
				CLANG_WARN__DUPLICATE_METHOD_MATCH = YES;
				COPY_PHASE_STRIP = NO;
				DEBUG_INFORMATION_FORMAT = "dwarf-with-dsym";
				ENABLE_NS_ASSERTIONS = NO;
				ENABLE_STRICT_OBJC_MSGSEND = YES;
				GCC_C_LANGUAGE_STANDARD = gnu11;
				GCC_NO_COMMON_BLOCKS = YES;
				GCC_WARN_64_TO_32_BIT_CONVERSION = YES;
				GCC_WARN_ABOUT_RETURN_TYPE = YES_ERROR;
				GCC_WARN_UNDECLARED_SELECTOR = YES;
				GCC_WARN_UNINITIALIZED_AUTOS = YES_AGGRESSIVE;
				GCC_WARN_UNUSED_FUNCTION = YES;
				GCC_WARN_UNUSED_VARIABLE = YES;
				IPHONEOS_DEPLOYMENT_TARGET = 15.2;
				MTL_ENABLE_DEBUG_INFO = NO;
				MTL_FAST_MATH = YES;
				SDKROOT = iphoneos;
				SWIFT_COMPILATION_MODE = wholemodule;
				SWIFT_OPTIMIZATION_LEVEL = "-O";
				VALIDATE_PRODUCT = YES;
			};
			name = Release;
		};
		B87D21FB2800025100068C1A /* Debug */ = {
			isa = XCBuildConfiguration;
			buildSettings = {
				ASSETCATALOG_COMPILER_APPICON_NAME = AppIcon;
				ASSETCATALOG_COMPILER_GLOBAL_ACCENT_COLOR_NAME = AccentColor;
				CODE_SIGN_IDENTITY = "iPhone Developer";
				CODE_SIGN_STYLE = Manual;
				CURRENT_PROJECT_VERSION = 1;
				DEVELOPMENT_TEAM = 24K62CK4V7;
				GENERATE_INFOPLIST_FILE = YES;
				INFOPLIST_FILE = UploadProfileImagePOC/Info.plist;
				INFOPLIST_KEY_UIApplicationSupportsIndirectInputEvents = YES;
				INFOPLIST_KEY_UILaunchStoryboardName = LaunchScreen;
				INFOPLIST_KEY_UIMainStoryboardFile = Main;
				INFOPLIST_KEY_UISupportedInterfaceOrientations_iPad = "UIInterfaceOrientationPortrait UIInterfaceOrientationPortraitUpsideDown UIInterfaceOrientationLandscapeLeft UIInterfaceOrientationLandscapeRight";
				INFOPLIST_KEY_UISupportedInterfaceOrientations_iPhone = "UIInterfaceOrientationPortrait UIInterfaceOrientationLandscapeLeft UIInterfaceOrientationLandscapeRight";
				LD_RUNPATH_SEARCH_PATHS = (
					"$(inherited)",
					"@executable_path/Frameworks",
				);
				MARKETING_VERSION = 1.0;
				PRODUCT_BUNDLE_IDENTIFIER = com.smartboxtv.nunchee.ios.chefservice.demo;
				PRODUCT_NAME = "$(TARGET_NAME)";
				PROVISIONING_PROFILE_SPECIFIER = demo_ott_dev_meeltv_v3;
				SWIFT_EMIT_LOC_STRINGS = YES;
				SWIFT_VERSION = 5.0;
				TARGETED_DEVICE_FAMILY = "1,2";
			};
			name = Debug;
		};
		B87D21FC2800025100068C1A /* Release */ = {
			isa = XCBuildConfiguration;
			buildSettings = {
				ASSETCATALOG_COMPILER_APPICON_NAME = AppIcon;
				ASSETCATALOG_COMPILER_GLOBAL_ACCENT_COLOR_NAME = AccentColor;
				CODE_SIGN_IDENTITY = "iPhone Developer";
				CODE_SIGN_STYLE = Manual;
				CURRENT_PROJECT_VERSION = 1;
				DEVELOPMENT_TEAM = 24K62CK4V7;
				GENERATE_INFOPLIST_FILE = YES;
				INFOPLIST_FILE = UploadProfileImagePOC/Info.plist;
				INFOPLIST_KEY_UIApplicationSupportsIndirectInputEvents = YES;
				INFOPLIST_KEY_UILaunchStoryboardName = LaunchScreen;
				INFOPLIST_KEY_UIMainStoryboardFile = Main;
				INFOPLIST_KEY_UISupportedInterfaceOrientations_iPad = "UIInterfaceOrientationPortrait UIInterfaceOrientationPortraitUpsideDown UIInterfaceOrientationLandscapeLeft UIInterfaceOrientationLandscapeRight";
				INFOPLIST_KEY_UISupportedInterfaceOrientations_iPhone = "UIInterfaceOrientationPortrait UIInterfaceOrientationLandscapeLeft UIInterfaceOrientationLandscapeRight";
				LD_RUNPATH_SEARCH_PATHS = (
					"$(inherited)",
					"@executable_path/Frameworks",
				);
				MARKETING_VERSION = 1.0;
				PRODUCT_BUNDLE_IDENTIFIER = com.smartboxtv.nunchee.ios.chefservice.demo;
				PRODUCT_NAME = "$(TARGET_NAME)";
				PROVISIONING_PROFILE_SPECIFIER = demo_ott_dev_meeltv_v3;
				SWIFT_EMIT_LOC_STRINGS = YES;
				SWIFT_VERSION = 5.0;
				TARGETED_DEVICE_FAMILY = "1,2";
			};
			name = Release;
		};
/* End XCBuildConfiguration section */

/* Begin XCConfigurationList section */
		B87D21DE2800024E00068C1A /* Build configuration list for PBXProject "UploadProfileImagePOC" */ = {
			isa = XCConfigurationList;
			buildConfigurations = (
				B87D21F82800025100068C1A /* Debug */,
				B87D21F92800025100068C1A /* Release */,
			);
			defaultConfigurationIsVisible = 0;
			defaultConfigurationName = Release;
		};
		B87D21FA2800025100068C1A /* Build configuration list for PBXNativeTarget "UploadProfileImagePOC" */ = {
			isa = XCConfigurationList;
			buildConfigurations = (
				B87D21FB2800025100068C1A /* Debug */,
				B87D21FC2800025100068C1A /* Release */,
			);
			defaultConfigurationIsVisible = 0;
			defaultConfigurationName = Release;
		};
/* End XCConfigurationList section */

/* Begin XCVersionGroup section */
		B87D21EF2800024E00068C1A /* UploadProfileImagePOC.xcdatamodeld */ = {
			isa = XCVersionGroup;
			children = (
				B87D21F02800024E00068C1A /* UploadProfileImagePOC.xcdatamodel */,
			);
			currentVersion = B87D21F02800024E00068C1A /* UploadProfileImagePOC.xcdatamodel */;
			path = UploadProfileImagePOC.xcdatamodeld;
			sourceTree = "<group>";
			versionGroupType = wrapper.xcdatamodel;
		};
/* End XCVersionGroup section */
	};
	rootObject = B87D21DB2800024E00068C1A /* Project object */;
}
