// !$*UTF8*$!
{
	archiveVersion = 1;
	classes = {
	};
	objectVersion = 56;
	objects = {

/* Begin PBXBuildFile section */
		B88B96962A933B58005228CA /* AppDelegate.swift in Sources */ = {isa = PBXBuildFile; fileRef = B88B96952A933B58005228CA /* AppDelegate.swift */; };
		B88B96982A933B58005228CA /* SceneDelegate.swift in Sources */ = {isa = PBXBuildFile; fileRef = B88B96972A933B58005228CA /* SceneDelegate.swift */; };
		B88B969A2A933B58005228CA /* ViewController.swift in Sources */ = {isa = PBXBuildFile; fileRef = B88B96992A933B58005228CA /* ViewController.swift */; };
		B88B969D2A933B58005228CA /* Main.storyboard in Resources */ = {isa = PBXBuildFile; fileRef = B88B969B2A933B58005228CA /* Main.storyboard */; };
		B88B969F2A933B5A005228CA /* Assets.xcassets in Resources */ = {isa = PBXBuildFile; fileRef = B88B969E2A933B5A005228CA /* Assets.xcassets */; };
		B88B96A22A933B5A005228CA /* LaunchScreen.storyboard in Resources */ = {isa = PBXBuildFile; fileRef = B88B96A02A933B5A005228CA /* LaunchScreen.storyboard */; };
		B88B96AA2A9343EB005228CA /* CarouselView.swift in Sources */ = {isa = PBXBuildFile; fileRef = B88B96A92A9343EB005228CA /* CarouselView.swift */; };
		B88B96AC2A93440E005228CA /* CarouselView.xib in Resources */ = {isa = PBXBuildFile; fileRef = B88B96AB2A93440E005228CA /* CarouselView.xib */; };
		B88B96C12A935217005228CA /* BaseNode.swift in Sources */ = {isa = PBXBuildFile; fileRef = B88B96AF2A935217005228CA /* BaseNode.swift */; };
		B88B96C22A935217005228CA /* UtilPageData.swift in Sources */ = {isa = PBXBuildFile; fileRef = B88B96B02A935217005228CA /* UtilPageData.swift */; };
		B88B96C32A935217005228CA /* NodeLabel.swift in Sources */ = {isa = PBXBuildFile; fileRef = B88B96B12A935217005228CA /* NodeLabel.swift */; };
		B88B96C42A935217005228CA /* BasePageData.swift in Sources */ = {isa = PBXBuildFile; fileRef = B88B96B22A935217005228CA /* BasePageData.swift */; };
		B88B96C52A935217005228CA /* NodeUrl.swift in Sources */ = {isa = PBXBuildFile; fileRef = B88B96B32A935217005228CA /* NodeUrl.swift */; };
		B88B96C62A935217005228CA /* Card.swift in Sources */ = {isa = PBXBuildFile; fileRef = B88B96B42A935217005228CA /* Card.swift */; };
		B88B96C72A935217005228CA /* EpgCardV2.swift in Sources */ = {isa = PBXBuildFile; fileRef = B88B96B52A935217005228CA /* EpgCardV2.swift */; };
		B88B96C82A935217005228CA /* JsonObj.swift in Sources */ = {isa = PBXBuildFile; fileRef = B88B96B62A935217005228CA /* JsonObj.swift */; };
		B88B96C92A935217005228CA /* NodeOption.swift in Sources */ = {isa = PBXBuildFile; fileRef = B88B96B72A935217005228CA /* NodeOption.swift */; };
		B88B96CA2A935217005228CA /* APIKey.swift in Sources */ = {isa = PBXBuildFile; fileRef = B88B96B82A935217005228CA /* APIKey.swift */; };
		B88B96CB2A935217005228CA /* EpgInterval.swift in Sources */ = {isa = PBXBuildFile; fileRef = B88B96B92A935217005228CA /* EpgInterval.swift */; };
		B88B96CC2A935217005228CA /* PageData.swift in Sources */ = {isa = PBXBuildFile; fileRef = B88B96BA2A935217005228CA /* PageData.swift */; };
		B88B96CD2A935217005228CA /* UtilNode.swift in Sources */ = {isa = PBXBuildFile; fileRef = B88B96BB2A935217005228CA /* UtilNode.swift */; };
		B88B96CE2A935217005228CA /* NodeRoute.swift in Sources */ = {isa = PBXBuildFile; fileRef = B88B96BC2A935217005228CA /* NodeRoute.swift */; };
		B88B96CF2A935217005228CA /* Widget.swift in Sources */ = {isa = PBXBuildFile; fileRef = B88B96BD2A935217005228CA /* Widget.swift */; };
		B88B96D02A935217005228CA /* BaseWidget.swift in Sources */ = {isa = PBXBuildFile; fileRef = B88B96BE2A935217005228CA /* BaseWidget.swift */; };
		B88B96D12A935217005228CA /* EpgTab.swift in Sources */ = {isa = PBXBuildFile; fileRef = B88B96BF2A935217005228CA /* EpgTab.swift */; };
		B88B96D22A935217005228CA /* EpgWidget.swift in Sources */ = {isa = PBXBuildFile; fileRef = B88B96C02A935217005228CA /* EpgWidget.swift */; };
/* End PBXBuildFile section */

/* Begin PBXFileReference section */
		B88B96922A933B58005228CA /* LiveEPG.app */ = {isa = PBXFileReference; explicitFileType = wrapper.application; includeInIndex = 0; path = LiveEPG.app; sourceTree = BUILT_PRODUCTS_DIR; };
		B88B96952A933B58005228CA /* AppDelegate.swift */ = {isa = PBXFileReference; lastKnownFileType = sourcecode.swift; path = AppDelegate.swift; sourceTree = "<group>"; };
		B88B96972A933B58005228CA /* SceneDelegate.swift */ = {isa = PBXFileReference; lastKnownFileType = sourcecode.swift; path = SceneDelegate.swift; sourceTree = "<group>"; };
		B88B96992A933B58005228CA /* ViewController.swift */ = {isa = PBXFileReference; lastKnownFileType = sourcecode.swift; path = ViewController.swift; sourceTree = "<group>"; };
		B88B969C2A933B58005228CA /* Base */ = {isa = PBXFileReference; lastKnownFileType = file.storyboard; name = Base; path = Base.lproj/Main.storyboard; sourceTree = "<group>"; };
		B88B969E2A933B5A005228CA /* Assets.xcassets */ = {isa = PBXFileReference; lastKnownFileType = folder.assetcatalog; path = Assets.xcassets; sourceTree = "<group>"; };
		B88B96A12A933B5A005228CA /* Base */ = {isa = PBXFileReference; lastKnownFileType = file.storyboard; name = Base; path = Base.lproj/LaunchScreen.storyboard; sourceTree = "<group>"; };
		B88B96A32A933B5A005228CA /* Info.plist */ = {isa = PBXFileReference; lastKnownFileType = text.plist.xml; path = Info.plist; sourceTree = "<group>"; };
		B88B96A92A9343EB005228CA /* CarouselView.swift */ = {isa = PBXFileReference; lastKnownFileType = sourcecode.swift; path = CarouselView.swift; sourceTree = "<group>"; };
		B88B96AB2A93440E005228CA /* CarouselView.xib */ = {isa = PBXFileReference; lastKnownFileType = file.xib; path = CarouselView.xib; sourceTree = "<group>"; };
		B88B96AF2A935217005228CA /* BaseNode.swift */ = {isa = PBXFileReference; fileEncoding = 4; lastKnownFileType = sourcecode.swift; path = BaseNode.swift; sourceTree = "<group>"; };
		B88B96B02A935217005228CA /* UtilPageData.swift */ = {isa = PBXFileReference; fileEncoding = 4; lastKnownFileType = sourcecode.swift; path = UtilPageData.swift; sourceTree = "<group>"; };
		B88B96B12A935217005228CA /* NodeLabel.swift */ = {isa = PBXFileReference; fileEncoding = 4; lastKnownFileType = sourcecode.swift; path = NodeLabel.swift; sourceTree = "<group>"; };
		B88B96B22A935217005228CA /* BasePageData.swift */ = {isa = PBXFileReference; fileEncoding = 4; lastKnownFileType = sourcecode.swift; path = BasePageData.swift; sourceTree = "<group>"; };
		B88B96B32A935217005228CA /* NodeUrl.swift */ = {isa = PBXFileReference; fileEncoding = 4; lastKnownFileType = sourcecode.swift; path = NodeUrl.swift; sourceTree = "<group>"; };
		B88B96B42A935217005228CA /* Card.swift */ = {isa = PBXFileReference; fileEncoding = 4; lastKnownFileType = sourcecode.swift; path = Card.swift; sourceTree = "<group>"; };
		B88B96B52A935217005228CA /* EpgCardV2.swift */ = {isa = PBXFileReference; fileEncoding = 4; lastKnownFileType = sourcecode.swift; path = EpgCardV2.swift; sourceTree = "<group>"; };
		B88B96B62A935217005228CA /* JsonObj.swift */ = {isa = PBXFileReference; fileEncoding = 4; lastKnownFileType = sourcecode.swift; path = JsonObj.swift; sourceTree = "<group>"; };
		B88B96B72A935217005228CA /* NodeOption.swift */ = {isa = PBXFileReference; fileEncoding = 4; lastKnownFileType = sourcecode.swift; path = NodeOption.swift; sourceTree = "<group>"; };
		B88B96B82A935217005228CA /* APIKey.swift */ = {isa = PBXFileReference; fileEncoding = 4; lastKnownFileType = sourcecode.swift; path = APIKey.swift; sourceTree = "<group>"; };
		B88B96B92A935217005228CA /* EpgInterval.swift */ = {isa = PBXFileReference; fileEncoding = 4; lastKnownFileType = sourcecode.swift; path = EpgInterval.swift; sourceTree = "<group>"; };
		B88B96BA2A935217005228CA /* PageData.swift */ = {isa = PBXFileReference; fileEncoding = 4; lastKnownFileType = sourcecode.swift; path = PageData.swift; sourceTree = "<group>"; };
		B88B96BB2A935217005228CA /* UtilNode.swift */ = {isa = PBXFileReference; fileEncoding = 4; lastKnownFileType = sourcecode.swift; path = UtilNode.swift; sourceTree = "<group>"; };
		B88B96BC2A935217005228CA /* NodeRoute.swift */ = {isa = PBXFileReference; fileEncoding = 4; lastKnownFileType = sourcecode.swift; path = NodeRoute.swift; sourceTree = "<group>"; };
		B88B96BD2A935217005228CA /* Widget.swift */ = {isa = PBXFileReference; fileEncoding = 4; lastKnownFileType = sourcecode.swift; path = Widget.swift; sourceTree = "<group>"; };
		B88B96BE2A935217005228CA /* BaseWidget.swift */ = {isa = PBXFileReference; fileEncoding = 4; lastKnownFileType = sourcecode.swift; path = BaseWidget.swift; sourceTree = "<group>"; };
		B88B96BF2A935217005228CA /* EpgTab.swift */ = {isa = PBXFileReference; fileEncoding = 4; lastKnownFileType = sourcecode.swift; path = EpgTab.swift; sourceTree = "<group>"; };
		B88B96C02A935217005228CA /* EpgWidget.swift */ = {isa = PBXFileReference; fileEncoding = 4; lastKnownFileType = sourcecode.swift; path = EpgWidget.swift; sourceTree = "<group>"; };
/* End PBXFileReference section */

/* Begin PBXFrameworksBuildPhase section */
		B88B968F2A933B58005228CA /* Frameworks */ = {
			isa = PBXFrameworksBuildPhase;
			buildActionMask = 2147483647;
			files = (
			);
			runOnlyForDeploymentPostprocessing = 0;
		};
/* End PBXFrameworksBuildPhase section */

/* Begin PBXGroup section */
		B88B96892A933B58005228CA = {
			isa = PBXGroup;
			children = (
				B88B96942A933B58005228CA /* LiveEPG */,
				B88B96932A933B58005228CA /* Products */,
			);
			sourceTree = "<group>";
		};
		B88B96932A933B58005228CA /* Products */ = {
			isa = PBXGroup;
			children = (
				B88B96922A933B58005228CA /* LiveEPG.app */,
			);
			name = Products;
			sourceTree = "<group>";
		};
		B88B96942A933B58005228CA /* LiveEPG */ = {
			isa = PBXGroup;
			children = (
				B88B96952A933B58005228CA /* AppDelegate.swift */,
				B88B96972A933B58005228CA /* SceneDelegate.swift */,
				B88B96992A933B58005228CA /* ViewController.swift */,
				B88B96AE2A935217005228CA /* Parser */,
				B88B96AD2A93441D005228CA /* Carousel */,
				B88B969B2A933B58005228CA /* Main.storyboard */,
				B88B969E2A933B5A005228CA /* Assets.xcassets */,
				B88B96A02A933B5A005228CA /* LaunchScreen.storyboard */,
				B88B96A32A933B5A005228CA /* Info.plist */,
			);
			path = LiveEPG;
			sourceTree = "<group>";
		};
		B88B96AD2A93441D005228CA /* Carousel */ = {
			isa = PBXGroup;
			children = (
				B88B96A92A9343EB005228CA /* CarouselView.swift */,
				B88B96AB2A93440E005228CA /* CarouselView.xib */,
			);
			path = Carousel;
			sourceTree = "<group>";
		};
		B88B96AE2A935217005228CA /* Parser */ = {
			isa = PBXGroup;
			children = (
				B88B96AF2A935217005228CA /* BaseNode.swift */,
				B88B96B02A935217005228CA /* UtilPageData.swift */,
				B88B96B12A935217005228CA /* NodeLabel.swift */,
				B88B96B22A935217005228CA /* BasePageData.swift */,
				B88B96B32A935217005228CA /* NodeUrl.swift */,
				B88B96B42A935217005228CA /* Card.swift */,
				B88B96B52A935217005228CA /* EpgCardV2.swift */,
				B88B96B62A935217005228CA /* JsonObj.swift */,
				B88B96B72A935217005228CA /* NodeOption.swift */,
				B88B96B82A935217005228CA /* APIKey.swift */,
				B88B96B92A935217005228CA /* EpgInterval.swift */,
				B88B96BA2A935217005228CA /* PageData.swift */,
				B88B96BB2A935217005228CA /* UtilNode.swift */,
				B88B96BC2A935217005228CA /* NodeRoute.swift */,
				B88B96BD2A935217005228CA /* Widget.swift */,
				B88B96BE2A935217005228CA /* BaseWidget.swift */,
				B88B96BF2A935217005228CA /* EpgTab.swift */,
				B88B96C02A935217005228CA /* EpgWidget.swift */,
			);
			path = Parser;
			sourceTree = "<group>";
		};
/* End PBXGroup section */

/* Begin PBXNativeTarget section */
		B88B96912A933B58005228CA /* LiveEPG */ = {
			isa = PBXNativeTarget;
			buildConfigurationList = B88B96A62A933B5A005228CA /* Build configuration list for PBXNativeTarget "LiveEPG" */;
			buildPhases = (
				B88B968E2A933B58005228CA /* Sources */,
				B88B968F2A933B58005228CA /* Frameworks */,
				B88B96902A933B58005228CA /* Resources */,
			);
			buildRules = (
			);
			dependencies = (
			);
			name = LiveEPG;
			productName = LiveEPG;
			productReference = B88B96922A933B58005228CA /* LiveEPG.app */;
			productType = "com.apple.product-type.application";
		};
/* End PBXNativeTarget section */

/* Begin PBXProject section */
		B88B968A2A933B58005228CA /* Project object */ = {
			isa = PBXProject;
			attributes = {
				BuildIndependentTargetsInParallel = 1;
				LastSwiftUpdateCheck = 1430;
				LastUpgradeCheck = 1430;
				TargetAttributes = {
					B88B96912A933B58005228CA = {
						CreatedOnToolsVersion = 14.3.1;
					};
				};
			};
			buildConfigurationList = B88B968D2A933B58005228CA /* Build configuration list for PBXProject "LiveEPG" */;
			compatibilityVersion = "Xcode 14.0";
			developmentRegion = en;
			hasScannedForEncodings = 0;
			knownRegions = (
				en,
				Base,
			);
			mainGroup = B88B96892A933B58005228CA;
			productRefGroup = B88B96932A933B58005228CA /* Products */;
			projectDirPath = "";
			projectRoot = "";
			targets = (
				B88B96912A933B58005228CA /* LiveEPG */,
			);
		};
/* End PBXProject section */

/* Begin PBXResourcesBuildPhase section */
		B88B96902A933B58005228CA /* Resources */ = {
			isa = PBXResourcesBuildPhase;
			buildActionMask = 2147483647;
			files = (
				B88B96A22A933B5A005228CA /* LaunchScreen.storyboard in Resources */,
				B88B969F2A933B5A005228CA /* Assets.xcassets in Resources */,
				B88B96AC2A93440E005228CA /* CarouselView.xib in Resources */,
				B88B969D2A933B58005228CA /* Main.storyboard in Resources */,
			);
			runOnlyForDeploymentPostprocessing = 0;
		};
/* End PBXResourcesBuildPhase section */

/* Begin PBXSourcesBuildPhase section */
		B88B968E2A933B58005228CA /* Sources */ = {
			isa = PBXSourcesBuildPhase;
			buildActionMask = 2147483647;
			files = (
				B88B96D12A935217005228CA /* EpgTab.swift in Sources */,
				B88B96CC2A935217005228CA /* PageData.swift in Sources */,
				B88B96C12A935217005228CA /* BaseNode.swift in Sources */,
				B88B96D02A935217005228CA /* BaseWidget.swift in Sources */,
				B88B96CF2A935217005228CA /* Widget.swift in Sources */,
				B88B96C32A935217005228CA /* NodeLabel.swift in Sources */,
				B88B96CE2A935217005228CA /* NodeRoute.swift in Sources */,
				B88B96CB2A935217005228CA /* EpgInterval.swift in Sources */,
				B88B969A2A933B58005228CA /* ViewController.swift in Sources */,
				B88B96C72A935217005228CA /* EpgCardV2.swift in Sources */,
				B88B96962A933B58005228CA /* AppDelegate.swift in Sources */,
				B88B96CD2A935217005228CA /* UtilNode.swift in Sources */,
				B88B96C82A935217005228CA /* JsonObj.swift in Sources */,
				B88B96AA2A9343EB005228CA /* CarouselView.swift in Sources */,
				B88B96C22A935217005228CA /* UtilPageData.swift in Sources */,
				B88B96CA2A935217005228CA /* APIKey.swift in Sources */,
				B88B96D22A935217005228CA /* EpgWidget.swift in Sources */,
				B88B96982A933B58005228CA /* SceneDelegate.swift in Sources */,
				B88B96C62A935217005228CA /* Card.swift in Sources */,
				B88B96C52A935217005228CA /* NodeUrl.swift in Sources */,
				B88B96C42A935217005228CA /* BasePageData.swift in Sources */,
				B88B96C92A935217005228CA /* NodeOption.swift in Sources */,
			);
			runOnlyForDeploymentPostprocessing = 0;
		};
/* End PBXSourcesBuildPhase section */

/* Begin PBXVariantGroup section */
		B88B969B2A933B58005228CA /* Main.storyboard */ = {
			isa = PBXVariantGroup;
			children = (
				B88B969C2A933B58005228CA /* Base */,
			);
			name = Main.storyboard;
			sourceTree = "<group>";
		};
		B88B96A02A933B5A005228CA /* LaunchScreen.storyboard */ = {
			isa = PBXVariantGroup;
			children = (
				B88B96A12A933B5A005228CA /* Base */,
			);
			name = LaunchScreen.storyboard;
			sourceTree = "<group>";
		};
/* End PBXVariantGroup section */

/* Begin XCBuildConfiguration section */
		B88B96A42A933B5A005228CA /* Debug */ = {
			isa = XCBuildConfiguration;
			buildSettings = {
				ALWAYS_SEARCH_USER_PATHS = NO;
				CLANG_ANALYZER_NONNULL = YES;
				CLANG_ANALYZER_NUMBER_OBJECT_CONVERSION = YES_AGGRESSIVE;
				CLANG_CXX_LANGUAGE_STANDARD = "gnu++20";
				CLANG_ENABLE_MODULES = YES;
				CLANG_ENABLE_OBJC_ARC = YES;
				CLANG_ENABLE_OBJC_WEAK = YES;
				CLANG_WARN_BLOCK_CAPTURE_AUTORELEASING = YES;
				CLANG_WARN_BOOL_CONVERSION = YES;
				CLANG_WARN_COMMA = YES;
				CLANG_WARN_CONSTANT_CONVERSION = YES;
				CLANG_WARN_DEPRECATED_OBJC_IMPLEMENTATIONS = YES;
				CLANG_WARN_DIRECT_OBJC_ISA_USAGE = YES_ERROR;
				CLANG_WARN_DOCUMENTATION_COMMENTS = YES;
				CLANG_WARN_EMPTY_BODY = YES;
				CLANG_WARN_ENUM_CONVERSION = YES;
				CLANG_WARN_INFINITE_RECURSION = YES;
				CLANG_WARN_INT_CONVERSION = YES;
				CLANG_WARN_NON_LITERAL_NULL_CONVERSION = YES;
				CLANG_WARN_OBJC_IMPLICIT_RETAIN_SELF = YES;
				CLANG_WARN_OBJC_LITERAL_CONVERSION = YES;
				CLANG_WARN_OBJC_ROOT_CLASS = YES_ERROR;
				CLANG_WARN_QUOTED_INCLUDE_IN_FRAMEWORK_HEADER = YES;
				CLANG_WARN_RANGE_LOOP_ANALYSIS = YES;
				CLANG_WARN_STRICT_PROTOTYPES = YES;
				CLANG_WARN_SUSPICIOUS_MOVE = YES;
				CLANG_WARN_UNGUARDED_AVAILABILITY = YES_AGGRESSIVE;
				CLANG_WARN_UNREACHABLE_CODE = YES;
				CLANG_WARN__DUPLICATE_METHOD_MATCH = YES;
				COPY_PHASE_STRIP = NO;
				DEBUG_INFORMATION_FORMAT = dwarf;
				ENABLE_STRICT_OBJC_MSGSEND = YES;
				ENABLE_TESTABILITY = YES;
				GCC_C_LANGUAGE_STANDARD = gnu11;
				GCC_DYNAMIC_NO_PIC = NO;
				GCC_NO_COMMON_BLOCKS = YES;
				GCC_OPTIMIZATION_LEVEL = 0;
				GCC_PREPROCESSOR_DEFINITIONS = (
					"DEBUG=1",
					"$(inherited)",
				);
				GCC_WARN_64_TO_32_BIT_CONVERSION = YES;
				GCC_WARN_ABOUT_RETURN_TYPE = YES_ERROR;
				GCC_WARN_UNDECLARED_SELECTOR = YES;
				GCC_WARN_UNINITIALIZED_AUTOS = YES_AGGRESSIVE;
				GCC_WARN_UNUSED_FUNCTION = YES;
				GCC_WARN_UNUSED_VARIABLE = YES;
				IPHONEOS_DEPLOYMENT_TARGET = 16.4;
				MTL_ENABLE_DEBUG_INFO = INCLUDE_SOURCE;
				MTL_FAST_MATH = YES;
				ONLY_ACTIVE_ARCH = YES;
				SDKROOT = iphoneos;
				SWIFT_ACTIVE_COMPILATION_CONDITIONS = DEBUG;
				SWIFT_OPTIMIZATION_LEVEL = "-Onone";
			};
			name = Debug;
		};
		B88B96A52A933B5A005228CA /* Release */ = {
			isa = XCBuildConfiguration;
			buildSettings = {
				ALWAYS_SEARCH_USER_PATHS = NO;
				CLANG_ANALYZER_NONNULL = YES;
				CLANG_ANALYZER_NUMBER_OBJECT_CONVERSION = YES_AGGRESSIVE;
				CLANG_CXX_LANGUAGE_STANDARD = "gnu++20";
				CLANG_ENABLE_MODULES = YES;
				CLANG_ENABLE_OBJC_ARC = YES;
				CLANG_ENABLE_OBJC_WEAK = YES;
				CLANG_WARN_BLOCK_CAPTURE_AUTORELEASING = YES;
				CLANG_WARN_BOOL_CONVERSION = YES;
				CLANG_WARN_COMMA = YES;
				CLANG_WARN_CONSTANT_CONVERSION = YES;
				CLANG_WARN_DEPRECATED_OBJC_IMPLEMENTATIONS = YES;
				CLANG_WARN_DIRECT_OBJC_ISA_USAGE = YES_ERROR;
				CLANG_WARN_DOCUMENTATION_COMMENTS = YES;
				CLANG_WARN_EMPTY_BODY = YES;
				CLANG_WARN_ENUM_CONVERSION = YES;
				CLANG_WARN_INFINITE_RECURSION = YES;
				CLANG_WARN_INT_CONVERSION = YES;
				CLANG_WARN_NON_LITERAL_NULL_CONVERSION = YES;
				CLANG_WARN_OBJC_IMPLICIT_RETAIN_SELF = YES;
				CLANG_WARN_OBJC_LITERAL_CONVERSION = YES;
				CLANG_WARN_OBJC_ROOT_CLASS = YES_ERROR;
				CLANG_WARN_QUOTED_INCLUDE_IN_FRAMEWORK_HEADER = YES;
				CLANG_WARN_RANGE_LOOP_ANALYSIS = YES;
				CLANG_WARN_STRICT_PROTOTYPES = YES;
				CLANG_WARN_SUSPICIOUS_MOVE = YES;
				CLANG_WARN_UNGUARDED_AVAILABILITY = YES_AGGRESSIVE;
				CLANG_WARN_UNREACHABLE_CODE = YES;
				CLANG_WARN__DUPLICATE_METHOD_MATCH = YES;
				COPY_PHASE_STRIP = NO;
				DEBUG_INFORMATION_FORMAT = "dwarf-with-dsym";
				ENABLE_NS_ASSERTIONS = NO;
				ENABLE_STRICT_OBJC_MSGSEND = YES;
				GCC_C_LANGUAGE_STANDARD = gnu11;
				GCC_NO_COMMON_BLOCKS = YES;
				GCC_WARN_64_TO_32_BIT_CONVERSION = YES;
				GCC_WARN_ABOUT_RETURN_TYPE = YES_ERROR;
				GCC_WARN_UNDECLARED_SELECTOR = YES;
				GCC_WARN_UNINITIALIZED_AUTOS = YES_AGGRESSIVE;
				GCC_WARN_UNUSED_FUNCTION = YES;
				GCC_WARN_UNUSED_VARIABLE = YES;
				IPHONEOS_DEPLOYMENT_TARGET = 16.4;
				MTL_ENABLE_DEBUG_INFO = NO;
				MTL_FAST_MATH = YES;
				SDKROOT = iphoneos;
				SWIFT_COMPILATION_MODE = wholemodule;
				SWIFT_OPTIMIZATION_LEVEL = "-O";
				VALIDATE_PRODUCT = YES;
			};
			name = Release;
		};
		B88B96A72A933B5A005228CA /* Debug */ = {
			isa = XCBuildConfiguration;
			buildSettings = {
				ASSETCATALOG_COMPILER_APPICON_NAME = AppIcon;
				ASSETCATALOG_COMPILER_GLOBAL_ACCENT_COLOR_NAME = AccentColor;
				CODE_SIGN_STYLE = Automatic;
				CURRENT_PROJECT_VERSION = 1;
				DEVELOPMENT_TEAM = J87VWLWXPU;
				GENERATE_INFOPLIST_FILE = YES;
				INFOPLIST_FILE = LiveEPG/Info.plist;
				INFOPLIST_KEY_UIApplicationSupportsIndirectInputEvents = YES;
				INFOPLIST_KEY_UILaunchStoryboardName = LaunchScreen;
				INFOPLIST_KEY_UIMainStoryboardFile = Main;
				INFOPLIST_KEY_UISupportedInterfaceOrientations_iPad = "UIInterfaceOrientationPortrait UIInterfaceOrientationPortraitUpsideDown UIInterfaceOrientationLandscapeLeft UIInterfaceOrientationLandscapeRight";
				INFOPLIST_KEY_UISupportedInterfaceOrientations_iPhone = "UIInterfaceOrientationPortrait UIInterfaceOrientationLandscapeLeft UIInterfaceOrientationLandscapeRight";
				LD_RUNPATH_SEARCH_PATHS = (
					"$(inherited)",
					"@executable_path/Frameworks",
				);
				MARKETING_VERSION = 1.0;
				PRODUCT_BUNDLE_IDENTIFIER = SJB.LiveEPG;
				PRODUCT_NAME = "$(TARGET_NAME)";
				SWIFT_EMIT_LOC_STRINGS = YES;
				SWIFT_VERSION = 5.0;
				TARGETED_DEVICE_FAMILY = "1,2";
			};
			name = Debug;
		};
		B88B96A82A933B5A005228CA /* Release */ = {
			isa = XCBuildConfiguration;
			buildSettings = {
				ASSETCATALOG_COMPILER_APPICON_NAME = AppIcon;
				ASSETCATALOG_COMPILER_GLOBAL_ACCENT_COLOR_NAME = AccentColor;
				CODE_SIGN_STYLE = Automatic;
				CURRENT_PROJECT_VERSION = 1;
				DEVELOPMENT_TEAM = J87VWLWXPU;
				GENERATE_INFOPLIST_FILE = YES;
				INFOPLIST_FILE = LiveEPG/Info.plist;
				INFOPLIST_KEY_UIApplicationSupportsIndirectInputEvents = YES;
				INFOPLIST_KEY_UILaunchStoryboardName = LaunchScreen;
				INFOPLIST_KEY_UIMainStoryboardFile = Main;
				INFOPLIST_KEY_UISupportedInterfaceOrientations_iPad = "UIInterfaceOrientationPortrait UIInterfaceOrientationPortraitUpsideDown UIInterfaceOrientationLandscapeLeft UIInterfaceOrientationLandscapeRight";
				INFOPLIST_KEY_UISupportedInterfaceOrientations_iPhone = "UIInterfaceOrientationPortrait UIInterfaceOrientationLandscapeLeft UIInterfaceOrientationLandscapeRight";
				LD_RUNPATH_SEARCH_PATHS = (
					"$(inherited)",
					"@executable_path/Frameworks",
				);
				MARKETING_VERSION = 1.0;
				PRODUCT_BUNDLE_IDENTIFIER = SJB.LiveEPG;
				PRODUCT_NAME = "$(TARGET_NAME)";
				SWIFT_EMIT_LOC_STRINGS = YES;
				SWIFT_VERSION = 5.0;
				TARGETED_DEVICE_FAMILY = "1,2";
			};
			name = Release;
		};
/* End XCBuildConfiguration section */

/* Begin XCConfigurationList section */
		B88B968D2A933B58005228CA /* Build configuration list for PBXProject "LiveEPG" */ = {
			isa = XCConfigurationList;
			buildConfigurations = (
				B88B96A42A933B5A005228CA /* Debug */,
				B88B96A52A933B5A005228CA /* Release */,
			);
			defaultConfigurationIsVisible = 0;
			defaultConfigurationName = Release;
		};
		B88B96A62A933B5A005228CA /* Build configuration list for PBXNativeTarget "LiveEPG" */ = {
			isa = XCConfigurationList;
			buildConfigurations = (
				B88B96A72A933B5A005228CA /* Debug */,
				B88B96A82A933B5A005228CA /* Release */,
			);
			defaultConfigurationIsVisible = 0;
			defaultConfigurationName = Release;
		};
/* End XCConfigurationList section */
	};
	rootObject = B88B968A2A933B58005228CA /* Project object */;
}
